// !$*UTF8*$!
{
	archiveVersion = 1;
	classes = {
	};
	objectVersion = 46;
	objects = {

/* Begin PBXBuildFile section */
		A28BFEC71B53A2CC00A712F1 /* Images.xcassets in Resources */ = {isa = PBXBuildFile; fileRef = A28BFEC61B53A2CC00A712F1 /* Images.xcassets */; };
		A28BFECA1B53A2CC00A712F1 /* LaunchScreen.xib in Resources */ = {isa = PBXBuildFile; fileRef = A28BFEC81B53A2CC00A712F1 /* LaunchScreen.xib */; };
		A28BFED61B53A2CD00A712F1 /* A_cyclistTests.m in Sources */ = {isa = PBXBuildFile; fileRef = A28BFED51B53A2CD00A712F1 /* A_cyclistTests.m */; };
		A28BFF091B53B35B00A712F1 /* AppDelegate.m in Sources */ = {isa = PBXBuildFile; fileRef = A28BFEF01B53B35B00A712F1 /* AppDelegate.m */; };
		A28BFF0A1B53B35B00A712F1 /* main.m in Sources */ = {isa = PBXBuildFile; fileRef = A28BFEF11B53B35B00A712F1 /* main.m */; };
		A28BFF141B53BECC00A712F1 /* ACGlobal.m in Sources */ = {isa = PBXBuildFile; fileRef = A28BFF131B53BECC00A712F1 /* ACGlobal.m */; };
		A28BFF161B53F98200A712F1 /* cycling.storyboard in Resources */ = {isa = PBXBuildFile; fileRef = A28BFF151B53F98200A712F1 /* cycling.storyboard */; };
		A28BFF181B53F9AD00A712F1 /* profile.storyboard in Resources */ = {isa = PBXBuildFile; fileRef = A28BFF171B53F9AD00A712F1 /* profile.storyboard */; };
		A28BFF1A1B53F9D700A712F1 /* ranking.storyboard in Resources */ = {isa = PBXBuildFile; fileRef = A28BFF191B53F9D700A712F1 /* ranking.storyboard */; };
		A28BFF1C1B53F9E900A712F1 /* route.storyboard in Resources */ = {isa = PBXBuildFile; fileRef = A28BFF1B1B53F9E900A712F1 /* route.storyboard */; };
		A28BFF1E1B53F9FD00A712F1 /* setting.storyboard in Resources */ = {isa = PBXBuildFile; fileRef = A28BFF1D1B53F9FD00A712F1 /* setting.storyboard */; };
		A2D483AC1B5515B700BC8406 /* ACTabBarController.m in Sources */ = {isa = PBXBuildFile; fileRef = A2D483AB1B5515B700BC8406 /* ACTabBarController.m */; };
		A2D483B61B5516E300BC8406 /* UIColor+Tools.m in Sources */ = {isa = PBXBuildFile; fileRef = A2D483B51B5516E300BC8406 /* UIColor+Tools.m */; };
		A2D483B91B5525B200BC8406 /* HCTabBar5ContentView.m in Sources */ = {isa = PBXBuildFile; fileRef = A2D483B81B5525B200BC8406 /* HCTabBar5ContentView.m */; };
/* End PBXBuildFile section */

/* Begin PBXContainerItemProxy section */
		A28BFED01B53A2CD00A712F1 /* PBXContainerItemProxy */ = {
			isa = PBXContainerItemProxy;
			containerPortal = A28BFEAE1B53A2CC00A712F1 /* Project object */;
			proxyType = 1;
			remoteGlobalIDString = A28BFEB51B53A2CC00A712F1;
			remoteInfo = "A-cyclist";
		};
/* End PBXContainerItemProxy section */

/* Begin PBXFileReference section */
		A28BFEB61B53A2CC00A712F1 /* A-cyclist.app */ = {isa = PBXFileReference; explicitFileType = wrapper.application; includeInIndex = 0; path = "A-cyclist.app"; sourceTree = BUILT_PRODUCTS_DIR; };
		A28BFEBA1B53A2CC00A712F1 /* Info.plist */ = {isa = PBXFileReference; lastKnownFileType = text.plist.xml; path = Info.plist; sourceTree = "<group>"; };
		A28BFEC61B53A2CC00A712F1 /* Images.xcassets */ = {isa = PBXFileReference; lastKnownFileType = folder.assetcatalog; path = Images.xcassets; sourceTree = "<group>"; };
		A28BFEC91B53A2CC00A712F1 /* Base */ = {isa = PBXFileReference; lastKnownFileType = file.xib; name = Base; path = Base.lproj/LaunchScreen.xib; sourceTree = "<group>"; };
		A28BFECF1B53A2CD00A712F1 /* A-cyclistTests.xctest */ = {isa = PBXFileReference; explicitFileType = wrapper.cfbundle; includeInIndex = 0; path = "A-cyclistTests.xctest"; sourceTree = BUILT_PRODUCTS_DIR; };
		A28BFED41B53A2CD00A712F1 /* Info.plist */ = {isa = PBXFileReference; lastKnownFileType = text.plist.xml; path = Info.plist; sourceTree = "<group>"; };
		A28BFED51B53A2CD00A712F1 /* A_cyclistTests.m */ = {isa = PBXFileReference; lastKnownFileType = sourcecode.c.objc; path = A_cyclistTests.m; sourceTree = "<group>"; };
		A28BFEEF1B53B35B00A712F1 /* AppDelegate.h */ = {isa = PBXFileReference; fileEncoding = 4; lastKnownFileType = sourcecode.c.h; path = AppDelegate.h; sourceTree = "<group>"; };
		A28BFEF01B53B35B00A712F1 /* AppDelegate.m */ = {isa = PBXFileReference; fileEncoding = 4; lastKnownFileType = sourcecode.c.objc; path = AppDelegate.m; sourceTree = "<group>"; };
		A28BFEF11B53B35B00A712F1 /* main.m */ = {isa = PBXFileReference; fileEncoding = 4; lastKnownFileType = sourcecode.c.objc; path = main.m; sourceTree = "<group>"; };
		A28BFF121B53BE2F00A712F1 /* ACGlobal.h */ = {isa = PBXFileReference; fileEncoding = 4; lastKnownFileType = sourcecode.c.h; path = ACGlobal.h; sourceTree = "<group>"; };
		A28BFF131B53BECC00A712F1 /* ACGlobal.m */ = {isa = PBXFileReference; fileEncoding = 4; lastKnownFileType = sourcecode.c.objc; path = ACGlobal.m; sourceTree = "<group>"; };
		A28BFF151B53F98200A712F1 /* cycling.storyboard */ = {isa = PBXFileReference; fileEncoding = 4; lastKnownFileType = file.storyboard; path = cycling.storyboard; sourceTree = "<group>"; };
		A28BFF171B53F9AD00A712F1 /* profile.storyboard */ = {isa = PBXFileReference; fileEncoding = 4; lastKnownFileType = file.storyboard; path = profile.storyboard; sourceTree = "<group>"; };
		A28BFF191B53F9D700A712F1 /* ranking.storyboard */ = {isa = PBXFileReference; fileEncoding = 4; lastKnownFileType = file.storyboard; path = ranking.storyboard; sourceTree = "<group>"; };
		A28BFF1B1B53F9E900A712F1 /* route.storyboard */ = {isa = PBXFileReference; fileEncoding = 4; lastKnownFileType = file.storyboard; path = route.storyboard; sourceTree = "<group>"; };
		A28BFF1D1B53F9FD00A712F1 /* setting.storyboard */ = {isa = PBXFileReference; fileEncoding = 4; lastKnownFileType = file.storyboard; path = setting.storyboard; sourceTree = "<group>"; };
		A2D483AA1B5515B700BC8406 /* ACTabBarController.h */ = {isa = PBXFileReference; fileEncoding = 4; lastKnownFileType = sourcecode.c.h; path = ACTabBarController.h; sourceTree = "<group>"; };
		A2D483AB1B5515B700BC8406 /* ACTabBarController.m */ = {isa = PBXFileReference; fileEncoding = 4; lastKnownFileType = sourcecode.c.objc; path = ACTabBarController.m; sourceTree = "<group>"; };
		A2D483B41B5516E300BC8406 /* UIColor+Tools.h */ = {isa = PBXFileReference; fileEncoding = 4; lastKnownFileType = sourcecode.c.h; path = "UIColor+Tools.h"; sourceTree = "<group>"; };
		A2D483B51B5516E300BC8406 /* UIColor+Tools.m */ = {isa = PBXFileReference; fileEncoding = 4; lastKnownFileType = sourcecode.c.objc; path = "UIColor+Tools.m"; sourceTree = "<group>"; };
		A2D483B71B5525B200BC8406 /* HCTabBar5ContentView.h */ = {isa = PBXFileReference; fileEncoding = 4; lastKnownFileType = sourcecode.c.h; path = HCTabBar5ContentView.h; sourceTree = "<group>"; };
		A2D483B81B5525B200BC8406 /* HCTabBar5ContentView.m */ = {isa = PBXFileReference; fileEncoding = 4; lastKnownFileType = sourcecode.c.objc; path = HCTabBar5ContentView.m; sourceTree = "<group>"; };
/* End PBXFileReference section */

/* Begin PBXFrameworksBuildPhase section */
		A28BFEB31B53A2CC00A712F1 /* Frameworks */ = {
			isa = PBXFrameworksBuildPhase;
			buildActionMask = 2147483647;
			files = (
			);
			runOnlyForDeploymentPostprocessing = 0;
		};
		A28BFECC1B53A2CD00A712F1 /* Frameworks */ = {
			isa = PBXFrameworksBuildPhase;
			buildActionMask = 2147483647;
			files = (
			);
			runOnlyForDeploymentPostprocessing = 0;
		};
/* End PBXFrameworksBuildPhase section */

/* Begin PBXGroup section */
		A28BFEAD1B53A2CC00A712F1 = {
			isa = PBXGroup;
			children = (
				A28BFEB81B53A2CC00A712F1 /* A-cyclist */,
				A28BFED21B53A2CD00A712F1 /* A-cyclistTests */,
				A28BFEB71B53A2CC00A712F1 /* Products */,
			);
			sourceTree = "<group>";
		};
		A28BFEB71B53A2CC00A712F1 /* Products */ = {
			isa = PBXGroup;
			children = (
				A28BFEB61B53A2CC00A712F1 /* A-cyclist.app */,
				A28BFECF1B53A2CD00A712F1 /* A-cyclistTests.xctest */,
			);
			name = Products;
			sourceTree = "<group>";
		};
		A28BFEB81B53A2CC00A712F1 /* A-cyclist */ = {
			isa = PBXGroup;
			children = (
				A28BFEDF1B53B35B00A712F1 /* Class */,
				A28BFEC61B53A2CC00A712F1 /* Images.xcassets */,
				A28BFEC81B53A2CC00A712F1 /* LaunchScreen.xib */,
				A28BFEB91B53A2CC00A712F1 /* Supporting Files */,
			);
			path = "A-cyclist";
			sourceTree = "<group>";
		};
		A28BFEB91B53A2CC00A712F1 /* Supporting Files */ = {
			isa = PBXGroup;
			children = (
				A28BFEBA1B53A2CC00A712F1 /* Info.plist */,
			);
			name = "Supporting Files";
			sourceTree = "<group>";
		};
		A28BFED21B53A2CD00A712F1 /* A-cyclistTests */ = {
			isa = PBXGroup;
			children = (
				A28BFED51B53A2CD00A712F1 /* A_cyclistTests.m */,
				A28BFED31B53A2CD00A712F1 /* Supporting Files */,
			);
			path = "A-cyclistTests";
			sourceTree = "<group>";
		};
		A28BFED31B53A2CD00A712F1 /* Supporting Files */ = {
			isa = PBXGroup;
			children = (
				A28BFED41B53A2CD00A712F1 /* Info.plist */,
			);
			name = "Supporting Files";
			sourceTree = "<group>";
		};
		A28BFEDF1B53B35B00A712F1 /* Class */ = {
			isa = PBXGroup;
			children = (
				A28BFEE01B53B35B00A712F1 /* Auth */,
				A28BFEE41B53B35B00A712F1 /* Cycling */,
				A28BFEE81B53B35B00A712F1 /* Lib */,
				A28BFEE91B53B35B00A712F1 /* Main */,
				A28BFEF31B53B35B00A712F1 /* NewFeature */,
				A28BFEF71B53B35B00A712F1 /* Profile */,
				A28BFEFB1B53B35B00A712F1 /* Ranking */,
				A28BFEFF1B53B35B00A712F1 /* Route */,
				A28BFF031B53B35B00A712F1 /* Setting */,
				A28BFF071B53B35B00A712F1 /* Tool */,
			);
			path = Class;
			sourceTree = "<group>";
		};
		A28BFEE01B53B35B00A712F1 /* Auth */ = {
			isa = PBXGroup;
			children = (
				A28BFEE11B53B35B00A712F1 /* Controller */,
				A28BFEE21B53B35B00A712F1 /* Model */,
				A28BFEE31B53B35B00A712F1 /* View */,
			);
			path = Auth;
			sourceTree = "<group>";
		};
		A28BFEE11B53B35B00A712F1 /* Controller */ = {
			isa = PBXGroup;
			children = (
			);
			path = Controller;
			sourceTree = "<group>";
		};
		A28BFEE21B53B35B00A712F1 /* Model */ = {
			isa = PBXGroup;
			children = (
			);
			path = Model;
			sourceTree = "<group>";
		};
		A28BFEE31B53B35B00A712F1 /* View */ = {
			isa = PBXGroup;
			children = (
			);
			path = View;
			sourceTree = "<group>";
		};
		A28BFEE41B53B35B00A712F1 /* Cycling */ = {
			isa = PBXGroup;
			children = (
				A28BFEE51B53B35B00A712F1 /* Controller */,
				A28BFEE61B53B35B00A712F1 /* Model */,
				A28BFEE71B53B35B00A712F1 /* View */,
			);
			path = Cycling;
			sourceTree = "<group>";
		};
		A28BFEE51B53B35B00A712F1 /* Controller */ = {
			isa = PBXGroup;
			children = (
			);
			path = Controller;
			sourceTree = "<group>";
		};
		A28BFEE61B53B35B00A712F1 /* Model */ = {
			isa = PBXGroup;
			children = (
			);
			path = Model;
			sourceTree = "<group>";
		};
		A28BFEE71B53B35B00A712F1 /* View */ = {
			isa = PBXGroup;
			children = (
				A28BFF151B53F98200A712F1 /* cycling.storyboard */,
			);
			path = View;
			sourceTree = "<group>";
		};
		A28BFEE81B53B35B00A712F1 /* Lib */ = {
			isa = PBXGroup;
			children = (
			);
			path = Lib;
			sourceTree = "<group>";
		};
		A28BFEE91B53B35B00A712F1 /* Main */ = {
			isa = PBXGroup;
			children = (
				A2D483B31B5516CD00BC8406 /* Category */,
				A2D1ECF31B550E3A00344246 /* View */,
				A28BFEEA1B53B35B00A712F1 /* Controller */,
				A28BFEED1B53B35B00A712F1 /* Model */,
				A28BFEEE1B53B35B00A712F1 /* Other */,
			);
			path = Main;
			sourceTree = "<group>";
		};
		A28BFEEA1B53B35B00A712F1 /* Controller */ = {
			isa = PBXGroup;
			children = (
				A2D483AA1B5515B700BC8406 /* ACTabBarController.h */,
				A2D483AB1B5515B700BC8406 /* ACTabBarController.m */,
			);
			path = Controller;
			sourceTree = "<group>";
		};
		A28BFEED1B53B35B00A712F1 /* Model */ = {
			isa = PBXGroup;
			children = (
			);
			path = Model;
			sourceTree = "<group>";
		};
		A28BFEEE1B53B35B00A712F1 /* Other */ = {
			isa = PBXGroup;
			children = (
				A28BFEEF1B53B35B00A712F1 /* AppDelegate.h */,
				A28BFEF01B53B35B00A712F1 /* AppDelegate.m */,
				A28BFEF11B53B35B00A712F1 /* main.m */,
				A28BFF121B53BE2F00A712F1 /* ACGlobal.h */,
				A28BFF131B53BECC00A712F1 /* ACGlobal.m */,
			);
			path = Other;
			sourceTree = "<group>";
		};
		A28BFEF31B53B35B00A712F1 /* NewFeature */ = {
			isa = PBXGroup;
			children = (
				A28BFEF41B53B35B00A712F1 /* Controller */,
				A28BFEF51B53B35B00A712F1 /* Model */,
				A28BFEF61B53B35B00A712F1 /* View */,
			);
			path = NewFeature;
			sourceTree = "<group>";
		};
		A28BFEF41B53B35B00A712F1 /* Controller */ = {
			isa = PBXGroup;
			children = (
			);
			path = Controller;
			sourceTree = "<group>";
		};
		A28BFEF51B53B35B00A712F1 /* Model */ = {
			isa = PBXGroup;
			children = (
			);
			path = Model;
			sourceTree = "<group>";
		};
		A28BFEF61B53B35B00A712F1 /* View */ = {
			isa = PBXGroup;
			children = (
			);
			path = View;
			sourceTree = "<group>";
		};
		A28BFEF71B53B35B00A712F1 /* Profile */ = {
			isa = PBXGroup;
			children = (
				A28BFEF81B53B35B00A712F1 /* Controller */,
				A28BFEF91B53B35B00A712F1 /* Model */,
				A28BFEFA1B53B35B00A712F1 /* View */,
			);
			path = Profile;
			sourceTree = "<group>";
		};
		A28BFEF81B53B35B00A712F1 /* Controller */ = {
			isa = PBXGroup;
			children = (
			);
			path = Controller;
			sourceTree = "<group>";
		};
		A28BFEF91B53B35B00A712F1 /* Model */ = {
			isa = PBXGroup;
			children = (
			);
			path = Model;
			sourceTree = "<group>";
		};
		A28BFEFA1B53B35B00A712F1 /* View */ = {
			isa = PBXGroup;
			children = (
				A28BFF171B53F9AD00A712F1 /* profile.storyboard */,
			);
			path = View;
			sourceTree = "<group>";
		};
		A28BFEFB1B53B35B00A712F1 /* Ranking */ = {
			isa = PBXGroup;
			children = (
				A28BFEFC1B53B35B00A712F1 /* Controller */,
				A28BFEFD1B53B35B00A712F1 /* Model */,
				A28BFEFE1B53B35B00A712F1 /* View */,
			);
			path = Ranking;
			sourceTree = "<group>";
		};
		A28BFEFC1B53B35B00A712F1 /* Controller */ = {
			isa = PBXGroup;
			children = (
			);
			path = Controller;
			sourceTree = "<group>";
		};
		A28BFEFD1B53B35B00A712F1 /* Model */ = {
			isa = PBXGroup;
			children = (
			);
			path = Model;
			sourceTree = "<group>";
		};
		A28BFEFE1B53B35B00A712F1 /* View */ = {
			isa = PBXGroup;
			children = (
				A28BFF191B53F9D700A712F1 /* ranking.storyboard */,
			);
			path = View;
			sourceTree = "<group>";
		};
		A28BFEFF1B53B35B00A712F1 /* Route */ = {
			isa = PBXGroup;
			children = (
				A28BFF001B53B35B00A712F1 /* Controller */,
				A28BFF011B53B35B00A712F1 /* Model */,
				A28BFF021B53B35B00A712F1 /* View */,
			);
			path = Route;
			sourceTree = "<group>";
		};
		A28BFF001B53B35B00A712F1 /* Controller */ = {
			isa = PBXGroup;
			children = (
			);
			path = Controller;
			sourceTree = "<group>";
		};
		A28BFF011B53B35B00A712F1 /* Model */ = {
			isa = PBXGroup;
			children = (
			);
			path = Model;
			sourceTree = "<group>";
		};
		A28BFF021B53B35B00A712F1 /* View */ = {
			isa = PBXGroup;
			children = (
				A28BFF1B1B53F9E900A712F1 /* route.storyboard */,
			);
			path = View;
			sourceTree = "<group>";
		};
		A28BFF031B53B35B00A712F1 /* Setting */ = {
			isa = PBXGroup;
			children = (
				A28BFF041B53B35B00A712F1 /* Controller */,
				A28BFF051B53B35B00A712F1 /* Model */,
				A28BFF061B53B35B00A712F1 /* View */,
			);
			path = Setting;
			sourceTree = "<group>";
		};
		A28BFF041B53B35B00A712F1 /* Controller */ = {
			isa = PBXGroup;
			children = (
			);
			path = Controller;
			sourceTree = "<group>";
		};
		A28BFF051B53B35B00A712F1 /* Model */ = {
			isa = PBXGroup;
			children = (
			);
			path = Model;
			sourceTree = "<group>";
		};
		A28BFF061B53B35B00A712F1 /* View */ = {
			isa = PBXGroup;
			children = (
				A28BFF1D1B53F9FD00A712F1 /* setting.storyboard */,
			);
			path = View;
			sourceTree = "<group>";
		};
		A28BFF071B53B35B00A712F1 /* Tool */ = {
			isa = PBXGroup;
			children = (
			);
			path = Tool;
			sourceTree = "<group>";
		};
		A2D1ECF31B550E3A00344246 /* View */ = {
			isa = PBXGroup;
			children = (
				A2D483B71B5525B200BC8406 /* HCTabBar5ContentView.h */,
				A2D483B81B5525B200BC8406 /* HCTabBar5ContentView.m */,
			);
			path = View;
			sourceTree = "<group>";
		};
		A2D483B31B5516CD00BC8406 /* Category */ = {
			isa = PBXGroup;
			children = (
				A2D483B41B5516E300BC8406 /* UIColor+Tools.h */,
				A2D483B51B5516E300BC8406 /* UIColor+Tools.m */,
			);
			path = Category;
			sourceTree = "<group>";
		};
/* End PBXGroup section */

/* Begin PBXNativeTarget section */
		A28BFEB51B53A2CC00A712F1 /* A-cyclist */ = {
			isa = PBXNativeTarget;
			buildConfigurationList = A28BFED91B53A2CD00A712F1 /* Build configuration list for PBXNativeTarget "A-cyclist" */;
			buildPhases = (
				A28BFEB21B53A2CC00A712F1 /* Sources */,
				A28BFEB31B53A2CC00A712F1 /* Frameworks */,
				A28BFEB41B53A2CC00A712F1 /* Resources */,
			);
			buildRules = (
			);
			dependencies = (
			);
			name = "A-cyclist";
			productName = "A-cyclist";
			productReference = A28BFEB61B53A2CC00A712F1 /* A-cyclist.app */;
			productType = "com.apple.product-type.application";
		};
		A28BFECE1B53A2CD00A712F1 /* A-cyclistTests */ = {
			isa = PBXNativeTarget;
			buildConfigurationList = A28BFEDC1B53A2CD00A712F1 /* Build configuration list for PBXNativeTarget "A-cyclistTests" */;
			buildPhases = (
				A28BFECB1B53A2CD00A712F1 /* Sources */,
				A28BFECC1B53A2CD00A712F1 /* Frameworks */,
				A28BFECD1B53A2CD00A712F1 /* Resources */,
			);
			buildRules = (
			);
			dependencies = (
				A28BFED11B53A2CD00A712F1 /* PBXTargetDependency */,
			);
			name = "A-cyclistTests";
			productName = "A-cyclistTests";
			productReference = A28BFECF1B53A2CD00A712F1 /* A-cyclistTests.xctest */;
			productType = "com.apple.product-type.bundle.unit-test";
		};
/* End PBXNativeTarget section */

/* Begin PBXProject section */
		A28BFEAE1B53A2CC00A712F1 /* Project object */ = {
			isa = PBXProject;
			attributes = {
				CLASSPREFIX = AC;
				LastUpgradeCheck = 0640;
				ORGANIZATIONNAME = tunny;
				TargetAttributes = {
					A28BFEB51B53A2CC00A712F1 = {
						CreatedOnToolsVersion = 6.4;
					};
					A28BFECE1B53A2CD00A712F1 = {
						CreatedOnToolsVersion = 6.4;
						TestTargetID = A28BFEB51B53A2CC00A712F1;
					};
				};
			};
			buildConfigurationList = A28BFEB11B53A2CC00A712F1 /* Build configuration list for PBXProject "A-cyclist" */;
			compatibilityVersion = "Xcode 3.2";
			developmentRegion = English;
			hasScannedForEncodings = 0;
			knownRegions = (
				en,
				Base,
			);
			mainGroup = A28BFEAD1B53A2CC00A712F1;
			productRefGroup = A28BFEB71B53A2CC00A712F1 /* Products */;
			projectDirPath = "";
			projectRoot = "";
			targets = (
				A28BFEB51B53A2CC00A712F1 /* A-cyclist */,
				A28BFECE1B53A2CD00A712F1 /* A-cyclistTests */,
			);
		};
/* End PBXProject section */

/* Begin PBXResourcesBuildPhase section */
		A28BFEB41B53A2CC00A712F1 /* Resources */ = {
			isa = PBXResourcesBuildPhase;
			buildActionMask = 2147483647;
			files = (
				A28BFECA1B53A2CC00A712F1 /* LaunchScreen.xib in Resources */,
				A28BFF161B53F98200A712F1 /* cycling.storyboard in Resources */,
				A28BFF1C1B53F9E900A712F1 /* route.storyboard in Resources */,
				A28BFF181B53F9AD00A712F1 /* profile.storyboard in Resources */,
				A28BFF1E1B53F9FD00A712F1 /* setting.storyboard in Resources */,
				A28BFEC71B53A2CC00A712F1 /* Images.xcassets in Resources */,
				A28BFF1A1B53F9D700A712F1 /* ranking.storyboard in Resources */,
			);
			runOnlyForDeploymentPostprocessing = 0;
		};
		A28BFECD1B53A2CD00A712F1 /* Resources */ = {
			isa = PBXResourcesBuildPhase;
			buildActionMask = 2147483647;
			files = (
			);
			runOnlyForDeploymentPostprocessing = 0;
		};
/* End PBXResourcesBuildPhase section */

/* Begin PBXSourcesBuildPhase section */
		A28BFEB21B53A2CC00A712F1 /* Sources */ = {
			isa = PBXSourcesBuildPhase;
			buildActionMask = 2147483647;
			files = (
				A28BFF091B53B35B00A712F1 /* AppDelegate.m in Sources */,
				A2D483B91B5525B200BC8406 /* HCTabBar5ContentView.m in Sources */,
				A2D483AC1B5515B700BC8406 /* ACTabBarController.m in Sources */,
				A28BFF141B53BECC00A712F1 /* ACGlobal.m in Sources */,
				A28BFF0A1B53B35B00A712F1 /* main.m in Sources */,
				A2D483B61B5516E300BC8406 /* UIColor+Tools.m in Sources */,
			);
			runOnlyForDeploymentPostprocessing = 0;
		};
		A28BFECB1B53A2CD00A712F1 /* Sources */ = {
			isa = PBXSourcesBuildPhase;
			buildActionMask = 2147483647;
			files = (
				A28BFED61B53A2CD00A712F1 /* A_cyclistTests.m in Sources */,
			);
			runOnlyForDeploymentPostprocessing = 0;
		};
/* End PBXSourcesBuildPhase section */

/* Begin PBXTargetDependency section */
		A28BFED11B53A2CD00A712F1 /* PBXTargetDependency */ = {
			isa = PBXTargetDependency;
			target = A28BFEB51B53A2CC00A712F1 /* A-cyclist */;
			targetProxy = A28BFED01B53A2CD00A712F1 /* PBXContainerItemProxy */;
		};
/* End PBXTargetDependency section */

/* Begin PBXVariantGroup section */
		A28BFEC81B53A2CC00A712F1 /* LaunchScreen.xib */ = {
			isa = PBXVariantGroup;
			children = (
				A28BFEC91B53A2CC00A712F1 /* Base */,
			);
			name = LaunchScreen.xib;
			sourceTree = "<group>";
		};
/* End PBXVariantGroup section */

/* Begin XCBuildConfiguration section */
		A28BFED71B53A2CD00A712F1 /* Debug */ = {
			isa = XCBuildConfiguration;
			buildSettings = {
				ALWAYS_SEARCH_USER_PATHS = NO;
				CLANG_CXX_LANGUAGE_STANDARD = "gnu++0x";
				CLANG_CXX_LIBRARY = "libc++";
				CLANG_ENABLE_MODULES = YES;
				CLANG_ENABLE_OBJC_ARC = YES;
				CLANG_WARN_BOOL_CONVERSION = YES;
				CLANG_WARN_CONSTANT_CONVERSION = YES;
				CLANG_WARN_DIRECT_OBJC_ISA_USAGE = YES_ERROR;
				CLANG_WARN_EMPTY_BODY = YES;
				CLANG_WARN_ENUM_CONVERSION = YES;
				CLANG_WARN_INT_CONVERSION = YES;
				CLANG_WARN_OBJC_ROOT_CLASS = YES_ERROR;
				CLANG_WARN_UNREACHABLE_CODE = YES;
				CLANG_WARN__DUPLICATE_METHOD_MATCH = YES;
				"CODE_SIGN_IDENTITY[sdk=iphoneos*]" = "iPhone Developer";
				COPY_PHASE_STRIP = NO;
				DEBUG_INFORMATION_FORMAT = "dwarf-with-dsym";
				ENABLE_STRICT_OBJC_MSGSEND = YES;
				GCC_C_LANGUAGE_STANDARD = gnu99;
				GCC_DYNAMIC_NO_PIC = NO;
				GCC_NO_COMMON_BLOCKS = YES;
				GCC_OPTIMIZATION_LEVEL = 0;
				GCC_PREPROCESSOR_DEFINITIONS = (
					"DEBUG=1",
					"$(inherited)",
				);
				GCC_SYMBOLS_PRIVATE_EXTERN = NO;
				GCC_WARN_64_TO_32_BIT_CONVERSION = YES;
				GCC_WARN_ABOUT_RETURN_TYPE = YES_ERROR;
				GCC_WARN_UNDECLARED_SELECTOR = YES;
				GCC_WARN_UNINITIALIZED_AUTOS = YES_AGGRESSIVE;
				GCC_WARN_UNUSED_FUNCTION = YES;
				GCC_WARN_UNUSED_VARIABLE = YES;
				IPHONEOS_DEPLOYMENT_TARGET = 8.4;
				MTL_ENABLE_DEBUG_INFO = YES;
				ONLY_ACTIVE_ARCH = YES;
				SDKROOT = iphoneos;
			};
			name = Debug;
		};
		A28BFED81B53A2CD00A712F1 /* Release */ = {
			isa = XCBuildConfiguration;
			buildSettings = {
				ALWAYS_SEARCH_USER_PATHS = NO;
				CLANG_CXX_LANGUAGE_STANDARD = "gnu++0x";
				CLANG_CXX_LIBRARY = "libc++";
				CLANG_ENABLE_MODULES = YES;
				CLANG_ENABLE_OBJC_ARC = YES;
				CLANG_WARN_BOOL_CONVERSION = YES;
				CLANG_WARN_CONSTANT_CONVERSION = YES;
				CLANG_WARN_DIRECT_OBJC_ISA_USAGE = YES_ERROR;
				CLANG_WARN_EMPTY_BODY = YES;
				CLANG_WARN_ENUM_CONVERSION = YES;
				CLANG_WARN_INT_CONVERSION = YES;
				CLANG_WARN_OBJC_ROOT_CLASS = YES_ERROR;
				CLANG_WARN_UNREACHABLE_CODE = YES;
				CLANG_WARN__DUPLICATE_METHOD_MATCH = YES;
				"CODE_SIGN_IDENTITY[sdk=iphoneos*]" = "iPhone Developer";
				COPY_PHASE_STRIP = NO;
				DEBUG_INFORMATION_FORMAT = "dwarf-with-dsym";
				ENABLE_NS_ASSERTIONS = NO;
				ENABLE_STRICT_OBJC_MSGSEND = YES;
				GCC_C_LANGUAGE_STANDARD = gnu99;
				GCC_NO_COMMON_BLOCKS = YES;
				GCC_WARN_64_TO_32_BIT_CONVERSION = YES;
				GCC_WARN_ABOUT_RETURN_TYPE = YES_ERROR;
				GCC_WARN_UNDECLARED_SELECTOR = YES;
				GCC_WARN_UNINITIALIZED_AUTOS = YES_AGGRESSIVE;
				GCC_WARN_UNUSED_FUNCTION = YES;
				GCC_WARN_UNUSED_VARIABLE = YES;
				IPHONEOS_DEPLOYMENT_TARGET = 8.4;
				MTL_ENABLE_DEBUG_INFO = NO;
				SDKROOT = iphoneos;
				VALIDATE_PRODUCT = YES;
			};
			name = Release;
		};
		A28BFEDA1B53A2CD00A712F1 /* Debug */ = {
			isa = XCBuildConfiguration;
			buildSettings = {
				ASSETCATALOG_COMPILER_APPICON_NAME = AppIcon;
				INFOPLIST_FILE = "A-cyclist/Info.plist";
				LD_RUNPATH_SEARCH_PATHS = "$(inherited) @executable_path/Frameworks";
				PRODUCT_NAME = "$(TARGET_NAME)";
			};
			name = Debug;
		};
		A28BFEDB1B53A2CD00A712F1 /* Release */ = {
			isa = XCBuildConfiguration;
			buildSettings = {
				ASSETCATALOG_COMPILER_APPICON_NAME = AppIcon;
				INFOPLIST_FILE = "A-cyclist/Info.plist";
				LD_RUNPATH_SEARCH_PATHS = "$(inherited) @executable_path/Frameworks";
				PRODUCT_NAME = "$(TARGET_NAME)";
			};
			name = Release;
		};
		A28BFEDD1B53A2CD00A712F1 /* Debug */ = {
			isa = XCBuildConfiguration;
			buildSettings = {
				BUNDLE_LOADER = "$(TEST_HOST)";
				FRAMEWORK_SEARCH_PATHS = (
					"$(SDKROOT)/Developer/Library/Frameworks",
					"$(inherited)",
				);
				GCC_PREPROCESSOR_DEFINITIONS = (
					"DEBUG=1",
					"$(inherited)",
				);
				INFOPLIST_FILE = "A-cyclistTests/Info.plist";
				LD_RUNPATH_SEARCH_PATHS = "$(inherited) @executable_path/Frameworks @loader_path/Frameworks";
				PRODUCT_NAME = "$(TARGET_NAME)";
				TEST_HOST = "$(BUILT_PRODUCTS_DIR)/A-cyclist.app/A-cyclist";
			};
			name = Debug;
		};
		A28BFEDE1B53A2CD00A712F1 /* Release */ = {
			isa = XCBuildConfiguration;
			buildSettings = {
				BUNDLE_LOADER = "$(TEST_HOST)";
				FRAMEWORK_SEARCH_PATHS = (
					"$(SDKROOT)/Developer/Library/Frameworks",
					"$(inherited)",
				);
				INFOPLIST_FILE = "A-cyclistTests/Info.plist";
				LD_RUNPATH_SEARCH_PATHS = "$(inherited) @executable_path/Frameworks @loader_path/Frameworks";
				PRODUCT_NAME = "$(TARGET_NAME)";
				TEST_HOST = "$(BUILT_PRODUCTS_DIR)/A-cyclist.app/A-cyclist";
			};
			name = Release;
		};
/* End XCBuildConfiguration section */

/* Begin XCConfigurationList section */
		A28BFEB11B53A2CC00A712F1 /* Build configuration list for PBXProject "A-cyclist" */ = {
			isa = XCConfigurationList;
			buildConfigurations = (
				A28BFED71B53A2CD00A712F1 /* Debug */,
				A28BFED81B53A2CD00A712F1 /* Release */,
			);
			defaultConfigurationIsVisible = 0;
			defaultConfigurationName = Release;
		};
		A28BFED91B53A2CD00A712F1 /* Build configuration list for PBXNativeTarget "A-cyclist" */ = {
			isa = XCConfigurationList;
			buildConfigurations = (
				A28BFEDA1B53A2CD00A712F1 /* Debug */,
				A28BFEDB1B53A2CD00A712F1 /* Release */,
			);
			defaultConfigurationIsVisible = 0;
			defaultConfigurationName = Release;
		};
		A28BFEDC1B53A2CD00A712F1 /* Build configuration list for PBXNativeTarget "A-cyclistTests" */ = {
			isa = XCConfigurationList;
			buildConfigurations = (
				A28BFEDD1B53A2CD00A712F1 /* Debug */,
				A28BFEDE1B53A2CD00A712F1 /* Release */,
			);
			defaultConfigurationIsVisible = 0;
			defaultConfigurationName = Release;
		};
/* End XCConfigurationList section */
	};
	rootObject = A28BFEAE1B53A2CC00A712F1 /* Project object */;
}
