// !$*UTF8*$!
{
	archiveVersion = 1;
	classes = {
	};
	objectVersion = 46;
	objects = {

/* Begin PBXBuildFile section */
		A204B0941B5B30F7004C0A6C /* NSString+Extension.m in Sources */ = {isa = PBXBuildFile; fileRef = A204B0931B5B30F7004C0A6C /* NSString+Extension.m */; };
		A204B15F1B5B506B004C0A6C /* HCBaseKeyboardViewController.m in Sources */ = {isa = PBXBuildFile; fileRef = A204B15A1B5B506B004C0A6C /* HCBaseKeyboardViewController.m */; };
		A204B1601B5B506B004C0A6C /* HCKeyboardTool.m in Sources */ = {isa = PBXBuildFile; fileRef = A204B15D1B5B506B004C0A6C /* HCKeyboardTool.m */; };
		A204B1611B5B506B004C0A6C /* HCKeyboardTool.xib in Resources */ = {isa = PBXBuildFile; fileRef = A204B15E1B5B506B004C0A6C /* HCKeyboardTool.xib */; };
		A204B1661B5B8232004C0A6C /* ACDataBaseTool.m in Sources */ = {isa = PBXBuildFile; fileRef = A204B1651B5B8232004C0A6C /* ACDataBaseTool.m */; };
		A204B16A1B5BE144004C0A6C /* ACUserModel.m in Sources */ = {isa = PBXBuildFile; fileRef = A204B1691B5BE144004C0A6C /* ACUserModel.m */; };
		A218F7031B5A3F33007CBADA /* ACLoginViewController.m in Sources */ = {isa = PBXBuildFile; fileRef = A218F7021B5A3F33007CBADA /* ACLoginViewController.m */; };
		A218F7051B5A3FB2007CBADA /* ACLogin.storyboard in Resources */ = {isa = PBXBuildFile; fileRef = A218F7041B5A3FB2007CBADA /* ACLogin.storyboard */; };
		A261B0001B5762D1006C8917 /* ACSettingGroupModel.m in Sources */ = {isa = PBXBuildFile; fileRef = A261AFFF1B5762D1006C8917 /* ACSettingGroupModel.m */; };
		A261B0031B577058006C8917 /* ACSettingViewCell.m in Sources */ = {isa = PBXBuildFile; fileRef = A261B0021B577058006C8917 /* ACSettingViewCell.m */; };
		A261B0421B57810A006C8917 /* ACSettingViewController.m in Sources */ = {isa = PBXBuildFile; fileRef = A261B0411B57810A006C8917 /* ACSettingViewController.m */; };
		A261B0451B579D82006C8917 /* ACArrowSettingCellModel.m in Sources */ = {isa = PBXBuildFile; fileRef = A261B0441B579D82006C8917 /* ACArrowSettingCellModel.m */; };
		A261B0481B57A3BF006C8917 /* ACBlankSettingCellModel.m in Sources */ = {isa = PBXBuildFile; fileRef = A261B0471B57A3BF006C8917 /* ACBlankSettingCellModel.m */; };
		A261B04B1B57AA87006C8917 /* ACLogoutSettingViewCell.m in Sources */ = {isa = PBXBuildFile; fileRef = A261B04A1B57AA87006C8917 /* ACLogoutSettingViewCell.m */; };
		A261B04D1B57AC56006C8917 /* ACLogoutSettingViewCell.xib in Resources */ = {isa = PBXBuildFile; fileRef = A261B04C1B57AC56006C8917 /* ACLogoutSettingViewCell.xib */; };
		A266D9861B5C7D5900D4B326 /* NSDate+Extension.m in Sources */ = {isa = PBXBuildFile; fileRef = A266D9851B5C7D5900D4B326 /* NSDate+Extension.m */; };
		A266D9991B5C881700D4B326 /* MJConst.m in Sources */ = {isa = PBXBuildFile; fileRef = A266D9891B5C881700D4B326 /* MJConst.m */; };
		A266D99A1B5C881700D4B326 /* MJFoundation.m in Sources */ = {isa = PBXBuildFile; fileRef = A266D98C1B5C881700D4B326 /* MJFoundation.m */; };
		A266D99B1B5C881700D4B326 /* MJProperty.m in Sources */ = {isa = PBXBuildFile; fileRef = A266D98E1B5C881700D4B326 /* MJProperty.m */; };
		A266D99C1B5C881700D4B326 /* MJType.m in Sources */ = {isa = PBXBuildFile; fileRef = A266D9901B5C881700D4B326 /* MJType.m */; };
		A266D99D1B5C881700D4B326 /* NSObject+MJCoding.m in Sources */ = {isa = PBXBuildFile; fileRef = A266D9921B5C881700D4B326 /* NSObject+MJCoding.m */; };
		A266D99E1B5C881700D4B326 /* NSObject+MJKeyValue.m in Sources */ = {isa = PBXBuildFile; fileRef = A266D9941B5C881700D4B326 /* NSObject+MJKeyValue.m */; };
		A266D99F1B5C881700D4B326 /* NSObject+MJProperty.m in Sources */ = {isa = PBXBuildFile; fileRef = A266D9961B5C881700D4B326 /* NSObject+MJProperty.m */; };
		A266D9A01B5C881700D4B326 /* NSString+MJExtension.m in Sources */ = {isa = PBXBuildFile; fileRef = A266D9981B5C881700D4B326 /* NSString+MJExtension.m */; };
		A266D9AE1B5C9FE600D4B326 /* libWeiboSDK.a in Frameworks */ = {isa = PBXBuildFile; fileRef = A266D9A21B5C9FE600D4B326 /* libWeiboSDK.a */; };
		A266D9AF1B5C9FE600D4B326 /* WeiboSDK.bundle in Resources */ = {isa = PBXBuildFile; fileRef = A266D9AB1B5C9FE600D4B326 /* WeiboSDK.bundle */; };
		A266D9B41B5CA14F00D4B326 /* ACShowAlertTool.m in Sources */ = {isa = PBXBuildFile; fileRef = A266D9B31B5CA14F00D4B326 /* ACShowAlertTool.m */; };
		A266D9B61B5CAF1100D4B326 /* QuartzCore.framework in Frameworks */ = {isa = PBXBuildFile; fileRef = A266D9B51B5CAF1000D4B326 /* QuartzCore.framework */; };
		A266D9B81B5CAF1700D4B326 /* ImageIO.framework in Frameworks */ = {isa = PBXBuildFile; fileRef = A266D9B71B5CAF1700D4B326 /* ImageIO.framework */; };
		A266D9BA1B5CAF4B00D4B326 /* CoreText.framework in Frameworks */ = {isa = PBXBuildFile; fileRef = A266D9B91B5CAF4B00D4B326 /* CoreText.framework */; };
		A266D9BC1B5CAF6300D4B326 /* UIKit.framework in Frameworks */ = {isa = PBXBuildFile; fileRef = A266D9BB1B5CAF6300D4B326 /* UIKit.framework */; };
		A266D9BE1B5CAF6A00D4B326 /* Foundation.framework in Frameworks */ = {isa = PBXBuildFile; fileRef = A266D9BD1B5CAF6A00D4B326 /* Foundation.framework */; };
		A266D9C01B5CAFB000D4B326 /* libz.dylib in Frameworks */ = {isa = PBXBuildFile; fileRef = A266D9BF1B5CAFB000D4B326 /* libz.dylib */; };
		A266D9C31B5CF8F900D4B326 /* ACSettingProfileInfoViewController.m in Sources */ = {isa = PBXBuildFile; fileRef = A266D9C21B5CF8F900D4B326 /* ACSettingProfileInfoViewController.m */; };
		A266D9D81B5CF9CD00D4B326 /* AFHTTPRequestOperation.m in Sources */ = {isa = PBXBuildFile; fileRef = A266D9C61B5CF9CD00D4B326 /* AFHTTPRequestOperation.m */; };
		A266D9D91B5CF9CD00D4B326 /* AFHTTPRequestOperationManager.m in Sources */ = {isa = PBXBuildFile; fileRef = A266D9C81B5CF9CD00D4B326 /* AFHTTPRequestOperationManager.m */; };
		A266D9DA1B5CF9CD00D4B326 /* AFHTTPSessionManager.m in Sources */ = {isa = PBXBuildFile; fileRef = A266D9CA1B5CF9CD00D4B326 /* AFHTTPSessionManager.m */; };
		A266D9DB1B5CF9CD00D4B326 /* AFNetworkReachabilityManager.m in Sources */ = {isa = PBXBuildFile; fileRef = A266D9CD1B5CF9CD00D4B326 /* AFNetworkReachabilityManager.m */; };
		A266D9DC1B5CF9CD00D4B326 /* AFSecurityPolicy.m in Sources */ = {isa = PBXBuildFile; fileRef = A266D9CF1B5CF9CD00D4B326 /* AFSecurityPolicy.m */; };
		A266D9DD1B5CF9CD00D4B326 /* AFURLConnectionOperation.m in Sources */ = {isa = PBXBuildFile; fileRef = A266D9D11B5CF9CD00D4B326 /* AFURLConnectionOperation.m */; };
		A266D9DE1B5CF9CD00D4B326 /* AFURLRequestSerialization.m in Sources */ = {isa = PBXBuildFile; fileRef = A266D9D31B5CF9CD00D4B326 /* AFURLRequestSerialization.m */; };
		A266D9DF1B5CF9CD00D4B326 /* AFURLResponseSerialization.m in Sources */ = {isa = PBXBuildFile; fileRef = A266D9D51B5CF9CD00D4B326 /* AFURLResponseSerialization.m */; };
		A266D9E01B5CF9CD00D4B326 /* AFURLSessionManager.m in Sources */ = {isa = PBXBuildFile; fileRef = A266D9D71B5CF9CD00D4B326 /* AFURLSessionManager.m */; };
		A266D9E71B5CFA0B00D4B326 /* HCHttpTool.m in Sources */ = {isa = PBXBuildFile; fileRef = A266D9E31B5CFA0B00D4B326 /* HCHttpTool.m */; };
		A266D9E81B5CFA0B00D4B326 /* HCFileParamsModel.m in Sources */ = {isa = PBXBuildFile; fileRef = A266D9E61B5CFA0B00D4B326 /* HCFileParamsModel.m */; };
		A266D9EC1B5D0A0400D4B326 /* ACCacheDataTool.m in Sources */ = {isa = PBXBuildFile; fileRef = A266D9EB1B5D0A0400D4B326 /* ACCacheDataTool.m */; };
		A266D9F91B5D11D200D4B326 /* FMDatabase.m in Sources */ = {isa = PBXBuildFile; fileRef = A266D9EF1B5D11D200D4B326 /* FMDatabase.m */; };
		A266D9FA1B5D11D200D4B326 /* FMDatabaseAdditions.m in Sources */ = {isa = PBXBuildFile; fileRef = A266D9F11B5D11D200D4B326 /* FMDatabaseAdditions.m */; };
		A266D9FB1B5D11D200D4B326 /* FMDatabasePool.m in Sources */ = {isa = PBXBuildFile; fileRef = A266D9F31B5D11D200D4B326 /* FMDatabasePool.m */; };
		A266D9FC1B5D11D200D4B326 /* FMDatabaseQueue.m in Sources */ = {isa = PBXBuildFile; fileRef = A266D9F51B5D11D200D4B326 /* FMDatabaseQueue.m */; };
		A266D9FD1B5D11D200D4B326 /* FMResultSet.m in Sources */ = {isa = PBXBuildFile; fileRef = A266D9F81B5D11D200D4B326 /* FMResultSet.m */; };
		A2845E931B5A9FBE006E0CE0 /* ACRegisterViewController.m in Sources */ = {isa = PBXBuildFile; fileRef = A2845E921B5A9FBE006E0CE0 /* ACRegisterViewController.m */; };
		A2845E951B5AB0F2006E0CE0 /* BmobSDK.framework in Frameworks */ = {isa = PBXBuildFile; fileRef = A2845E941B5AB0F2006E0CE0 /* BmobSDK.framework */; };
		A2845E971B5AB10D006E0CE0 /* CoreLocation.framework in Frameworks */ = {isa = PBXBuildFile; fileRef = A2845E961B5AB10D006E0CE0 /* CoreLocation.framework */; };
		A2845E991B5AB112006E0CE0 /* Security.framework in Frameworks */ = {isa = PBXBuildFile; fileRef = A2845E981B5AB112006E0CE0 /* Security.framework */; };
		A2845E9B1B5AB126006E0CE0 /* CoreGraphics.framework in Frameworks */ = {isa = PBXBuildFile; fileRef = A2845E9A1B5AB126006E0CE0 /* CoreGraphics.framework */; };
		A2845E9D1B5AB12C006E0CE0 /* MobileCoreServices.framework in Frameworks */ = {isa = PBXBuildFile; fileRef = A2845E9C1B5AB12C006E0CE0 /* MobileCoreServices.framework */; };
		A2845E9F1B5AB13E006E0CE0 /* CFNetwork.framework in Frameworks */ = {isa = PBXBuildFile; fileRef = A2845E9E1B5AB13E006E0CE0 /* CFNetwork.framework */; };
		A2845EA11B5AB143006E0CE0 /* CoreTelephony.framework in Frameworks */ = {isa = PBXBuildFile; fileRef = A2845EA01B5AB143006E0CE0 /* CoreTelephony.framework */; };
		A2845EA31B5AB156006E0CE0 /* SystemConfiguration.framework in Frameworks */ = {isa = PBXBuildFile; fileRef = A2845EA21B5AB156006E0CE0 /* SystemConfiguration.framework */; };
		A2845EA51B5AB15C006E0CE0 /* libz.1.2.5.dylib in Frameworks */ = {isa = PBXBuildFile; fileRef = A2845EA41B5AB15C006E0CE0 /* libz.1.2.5.dylib */; };
		A2845EA71B5AB17C006E0CE0 /* libsqlite3.dylib in Frameworks */ = {isa = PBXBuildFile; fileRef = A2845EA61B5AB17C006E0CE0 /* libsqlite3.dylib */; };
		A2845EA91B5AB186006E0CE0 /* libicucore.dylib in Frameworks */ = {isa = PBXBuildFile; fileRef = A2845EA81B5AB186006E0CE0 /* libicucore.dylib */; };
		A2845EAB1B5AB198006E0CE0 /* AVFoundation.framework in Frameworks */ = {isa = PBXBuildFile; fileRef = A2845EAA1B5AB198006E0CE0 /* AVFoundation.framework */; };
		A2845EAD1B5AB19D006E0CE0 /* MediaPlayer.framework in Frameworks */ = {isa = PBXBuildFile; fileRef = A2845EAC1B5AB19D006E0CE0 /* MediaPlayer.framework */; };
		A2845EB41B5AB825006E0CE0 /* MBProgressHUD+MJ.m in Sources */ = {isa = PBXBuildFile; fileRef = A2845EB01B5AB825006E0CE0 /* MBProgressHUD+MJ.m */; };
		A2845EB51B5AB825006E0CE0 /* MBProgressHUD.bundle in Resources */ = {isa = PBXBuildFile; fileRef = A2845EB11B5AB825006E0CE0 /* MBProgressHUD.bundle */; };
		A2845EB61B5AB825006E0CE0 /* MBProgressHUD.m in Sources */ = {isa = PBXBuildFile; fileRef = A2845EB31B5AB825006E0CE0 /* MBProgressHUD.m */; };
		A28BFEC71B53A2CC00A712F1 /* Images.xcassets in Resources */ = {isa = PBXBuildFile; fileRef = A28BFEC61B53A2CC00A712F1 /* Images.xcassets */; };
		A28BFECA1B53A2CC00A712F1 /* LaunchScreen.xib in Resources */ = {isa = PBXBuildFile; fileRef = A28BFEC81B53A2CC00A712F1 /* LaunchScreen.xib */; };
		A28BFED61B53A2CD00A712F1 /* A_cyclistTests.m in Sources */ = {isa = PBXBuildFile; fileRef = A28BFED51B53A2CD00A712F1 /* A_cyclistTests.m */; };
		A28BFF091B53B35B00A712F1 /* AppDelegate.m in Sources */ = {isa = PBXBuildFile; fileRef = A28BFEF01B53B35B00A712F1 /* AppDelegate.m */; };
		A28BFF0A1B53B35B00A712F1 /* main.m in Sources */ = {isa = PBXBuildFile; fileRef = A28BFEF11B53B35B00A712F1 /* main.m */; };
		A28BFF141B53BECC00A712F1 /* ACGlobal.m in Sources */ = {isa = PBXBuildFile; fileRef = A28BFF131B53BECC00A712F1 /* ACGlobal.m */; };
		A28BFF161B53F98200A712F1 /* cycling.storyboard in Resources */ = {isa = PBXBuildFile; fileRef = A28BFF151B53F98200A712F1 /* cycling.storyboard */; };
		A28BFF181B53F9AD00A712F1 /* profile.storyboard in Resources */ = {isa = PBXBuildFile; fileRef = A28BFF171B53F9AD00A712F1 /* profile.storyboard */; };
		A28BFF1A1B53F9D700A712F1 /* ranking.storyboard in Resources */ = {isa = PBXBuildFile; fileRef = A28BFF191B53F9D700A712F1 /* ranking.storyboard */; };
		A28BFF1C1B53F9E900A712F1 /* route.storyboard in Resources */ = {isa = PBXBuildFile; fileRef = A28BFF1B1B53F9E900A712F1 /* route.storyboard */; };
		A28BFF1E1B53F9FD00A712F1 /* setting.storyboard in Resources */ = {isa = PBXBuildFile; fileRef = A28BFF1D1B53F9FD00A712F1 /* setting.storyboard */; };
		A2D483AC1B5515B700BC8406 /* ACTabBarController.m in Sources */ = {isa = PBXBuildFile; fileRef = A2D483AB1B5515B700BC8406 /* ACTabBarController.m */; };
		A2D483B61B5516E300BC8406 /* UIColor+Tools.m in Sources */ = {isa = PBXBuildFile; fileRef = A2D483B51B5516E300BC8406 /* UIColor+Tools.m */; };
		A2D483B91B5525B200BC8406 /* HCTabBar5ContentView.m in Sources */ = {isa = PBXBuildFile; fileRef = A2D483B81B5525B200BC8406 /* HCTabBar5ContentView.m */; };
		A2F040EB1B563A51004FBF3D /* ACBaseTableViewController.m in Sources */ = {isa = PBXBuildFile; fileRef = A2F040EA1B563A51004FBF3D /* ACBaseTableViewController.m */; };
		A2F875121B5676630075F323 /* ACSettingCellModel.m in Sources */ = {isa = PBXBuildFile; fileRef = A2F875111B5676630075F323 /* ACSettingCellModel.m */; };
/* End PBXBuildFile section */

/* Begin PBXContainerItemProxy section */
		A28BFED01B53A2CD00A712F1 /* PBXContainerItemProxy */ = {
			isa = PBXContainerItemProxy;
			containerPortal = A28BFEAE1B53A2CC00A712F1 /* Project object */;
			proxyType = 1;
			remoteGlobalIDString = A28BFEB51B53A2CC00A712F1;
			remoteInfo = "A-cyclist";
		};
/* End PBXContainerItemProxy section */

/* Begin PBXFileReference section */
		A204B0921B5B30F7004C0A6C /* NSString+Extension.h */ = {isa = PBXFileReference; fileEncoding = 4; lastKnownFileType = sourcecode.c.h; path = "NSString+Extension.h"; sourceTree = "<group>"; };
		A204B0931B5B30F7004C0A6C /* NSString+Extension.m */ = {isa = PBXFileReference; fileEncoding = 4; lastKnownFileType = sourcecode.c.objc; path = "NSString+Extension.m"; sourceTree = "<group>"; };
		A204B1591B5B506B004C0A6C /* HCBaseKeyboardViewController.h */ = {isa = PBXFileReference; fileEncoding = 4; lastKnownFileType = sourcecode.c.h; path = HCBaseKeyboardViewController.h; sourceTree = "<group>"; };
		A204B15A1B5B506B004C0A6C /* HCBaseKeyboardViewController.m */ = {isa = PBXFileReference; fileEncoding = 4; lastKnownFileType = sourcecode.c.objc; path = HCBaseKeyboardViewController.m; sourceTree = "<group>"; };
		A204B15C1B5B506B004C0A6C /* HCKeyboardTool.h */ = {isa = PBXFileReference; fileEncoding = 4; lastKnownFileType = sourcecode.c.h; path = HCKeyboardTool.h; sourceTree = "<group>"; };
		A204B15D1B5B506B004C0A6C /* HCKeyboardTool.m */ = {isa = PBXFileReference; fileEncoding = 4; lastKnownFileType = sourcecode.c.objc; path = HCKeyboardTool.m; sourceTree = "<group>"; };
		A204B15E1B5B506B004C0A6C /* HCKeyboardTool.xib */ = {isa = PBXFileReference; fileEncoding = 4; lastKnownFileType = file.xib; path = HCKeyboardTool.xib; sourceTree = "<group>"; };
		A204B1641B5B8232004C0A6C /* ACDataBaseTool.h */ = {isa = PBXFileReference; fileEncoding = 4; lastKnownFileType = sourcecode.c.h; path = ACDataBaseTool.h; sourceTree = "<group>"; };
		A204B1651B5B8232004C0A6C /* ACDataBaseTool.m */ = {isa = PBXFileReference; fileEncoding = 4; lastKnownFileType = sourcecode.c.objc; path = ACDataBaseTool.m; sourceTree = "<group>"; };
		A204B1681B5BE144004C0A6C /* ACUserModel.h */ = {isa = PBXFileReference; fileEncoding = 4; lastKnownFileType = sourcecode.c.h; path = ACUserModel.h; sourceTree = "<group>"; };
		A204B1691B5BE144004C0A6C /* ACUserModel.m */ = {isa = PBXFileReference; fileEncoding = 4; lastKnownFileType = sourcecode.c.objc; path = ACUserModel.m; sourceTree = "<group>"; };
		A218F7011B5A3F33007CBADA /* ACLoginViewController.h */ = {isa = PBXFileReference; fileEncoding = 4; lastKnownFileType = sourcecode.c.h; path = ACLoginViewController.h; sourceTree = "<group>"; };
		A218F7021B5A3F33007CBADA /* ACLoginViewController.m */ = {isa = PBXFileReference; fileEncoding = 4; lastKnownFileType = sourcecode.c.objc; path = ACLoginViewController.m; sourceTree = "<group>"; };
		A218F7041B5A3FB2007CBADA /* ACLogin.storyboard */ = {isa = PBXFileReference; fileEncoding = 4; lastKnownFileType = file.storyboard; path = ACLogin.storyboard; sourceTree = "<group>"; };
		A261AFFE1B5762D1006C8917 /* ACSettingGroupModel.h */ = {isa = PBXFileReference; fileEncoding = 4; lastKnownFileType = sourcecode.c.h; path = ACSettingGroupModel.h; sourceTree = "<group>"; };
		A261AFFF1B5762D1006C8917 /* ACSettingGroupModel.m */ = {isa = PBXFileReference; fileEncoding = 4; lastKnownFileType = sourcecode.c.objc; path = ACSettingGroupModel.m; sourceTree = "<group>"; };
		A261B0011B577058006C8917 /* ACSettingViewCell.h */ = {isa = PBXFileReference; fileEncoding = 4; lastKnownFileType = sourcecode.c.h; path = ACSettingViewCell.h; sourceTree = "<group>"; };
		A261B0021B577058006C8917 /* ACSettingViewCell.m */ = {isa = PBXFileReference; fileEncoding = 4; lastKnownFileType = sourcecode.c.objc; path = ACSettingViewCell.m; sourceTree = "<group>"; };
		A261B0401B57810A006C8917 /* ACSettingViewController.h */ = {isa = PBXFileReference; fileEncoding = 4; lastKnownFileType = sourcecode.c.h; path = ACSettingViewController.h; sourceTree = "<group>"; };
		A261B0411B57810A006C8917 /* ACSettingViewController.m */ = {isa = PBXFileReference; fileEncoding = 4; lastKnownFileType = sourcecode.c.objc; path = ACSettingViewController.m; sourceTree = "<group>"; };
		A261B0431B579D82006C8917 /* ACArrowSettingCellModel.h */ = {isa = PBXFileReference; fileEncoding = 4; lastKnownFileType = sourcecode.c.h; path = ACArrowSettingCellModel.h; sourceTree = "<group>"; };
		A261B0441B579D82006C8917 /* ACArrowSettingCellModel.m */ = {isa = PBXFileReference; fileEncoding = 4; lastKnownFileType = sourcecode.c.objc; path = ACArrowSettingCellModel.m; sourceTree = "<group>"; };
		A261B0461B57A3BF006C8917 /* ACBlankSettingCellModel.h */ = {isa = PBXFileReference; fileEncoding = 4; lastKnownFileType = sourcecode.c.h; path = ACBlankSettingCellModel.h; sourceTree = "<group>"; };
		A261B0471B57A3BF006C8917 /* ACBlankSettingCellModel.m */ = {isa = PBXFileReference; fileEncoding = 4; lastKnownFileType = sourcecode.c.objc; path = ACBlankSettingCellModel.m; sourceTree = "<group>"; };
		A261B0491B57AA87006C8917 /* ACLogoutSettingViewCell.h */ = {isa = PBXFileReference; fileEncoding = 4; lastKnownFileType = sourcecode.c.h; path = ACLogoutSettingViewCell.h; sourceTree = "<group>"; };
		A261B04A1B57AA87006C8917 /* ACLogoutSettingViewCell.m */ = {isa = PBXFileReference; fileEncoding = 4; lastKnownFileType = sourcecode.c.objc; path = ACLogoutSettingViewCell.m; sourceTree = "<group>"; };
		A261B04C1B57AC56006C8917 /* ACLogoutSettingViewCell.xib */ = {isa = PBXFileReference; fileEncoding = 4; lastKnownFileType = file.xib; path = ACLogoutSettingViewCell.xib; sourceTree = "<group>"; };
		A266D9841B5C7D5900D4B326 /* NSDate+Extension.h */ = {isa = PBXFileReference; fileEncoding = 4; lastKnownFileType = sourcecode.c.h; path = "NSDate+Extension.h"; sourceTree = "<group>"; };
		A266D9851B5C7D5900D4B326 /* NSDate+Extension.m */ = {isa = PBXFileReference; fileEncoding = 4; lastKnownFileType = sourcecode.c.objc; path = "NSDate+Extension.m"; sourceTree = "<group>"; };
		A266D9881B5C881700D4B326 /* MJConst.h */ = {isa = PBXFileReference; fileEncoding = 4; lastKnownFileType = sourcecode.c.h; path = MJConst.h; sourceTree = "<group>"; };
		A266D9891B5C881700D4B326 /* MJConst.m */ = {isa = PBXFileReference; fileEncoding = 4; lastKnownFileType = sourcecode.c.objc; path = MJConst.m; sourceTree = "<group>"; };
		A266D98A1B5C881700D4B326 /* MJExtension.h */ = {isa = PBXFileReference; fileEncoding = 4; lastKnownFileType = sourcecode.c.h; path = MJExtension.h; sourceTree = "<group>"; };
		A266D98B1B5C881700D4B326 /* MJFoundation.h */ = {isa = PBXFileReference; fileEncoding = 4; lastKnownFileType = sourcecode.c.h; path = MJFoundation.h; sourceTree = "<group>"; };
		A266D98C1B5C881700D4B326 /* MJFoundation.m */ = {isa = PBXFileReference; fileEncoding = 4; lastKnownFileType = sourcecode.c.objc; path = MJFoundation.m; sourceTree = "<group>"; };
		A266D98D1B5C881700D4B326 /* MJProperty.h */ = {isa = PBXFileReference; fileEncoding = 4; lastKnownFileType = sourcecode.c.h; path = MJProperty.h; sourceTree = "<group>"; };
		A266D98E1B5C881700D4B326 /* MJProperty.m */ = {isa = PBXFileReference; fileEncoding = 4; lastKnownFileType = sourcecode.c.objc; path = MJProperty.m; sourceTree = "<group>"; };
		A266D98F1B5C881700D4B326 /* MJType.h */ = {isa = PBXFileReference; fileEncoding = 4; lastKnownFileType = sourcecode.c.h; path = MJType.h; sourceTree = "<group>"; };
		A266D9901B5C881700D4B326 /* MJType.m */ = {isa = PBXFileReference; fileEncoding = 4; lastKnownFileType = sourcecode.c.objc; path = MJType.m; sourceTree = "<group>"; };
		A266D9911B5C881700D4B326 /* NSObject+MJCoding.h */ = {isa = PBXFileReference; fileEncoding = 4; lastKnownFileType = sourcecode.c.h; path = "NSObject+MJCoding.h"; sourceTree = "<group>"; };
		A266D9921B5C881700D4B326 /* NSObject+MJCoding.m */ = {isa = PBXFileReference; fileEncoding = 4; lastKnownFileType = sourcecode.c.objc; path = "NSObject+MJCoding.m"; sourceTree = "<group>"; };
		A266D9931B5C881700D4B326 /* NSObject+MJKeyValue.h */ = {isa = PBXFileReference; fileEncoding = 4; lastKnownFileType = sourcecode.c.h; path = "NSObject+MJKeyValue.h"; sourceTree = "<group>"; };
		A266D9941B5C881700D4B326 /* NSObject+MJKeyValue.m */ = {isa = PBXFileReference; fileEncoding = 4; lastKnownFileType = sourcecode.c.objc; path = "NSObject+MJKeyValue.m"; sourceTree = "<group>"; };
		A266D9951B5C881700D4B326 /* NSObject+MJProperty.h */ = {isa = PBXFileReference; fileEncoding = 4; lastKnownFileType = sourcecode.c.h; path = "NSObject+MJProperty.h"; sourceTree = "<group>"; };
		A266D9961B5C881700D4B326 /* NSObject+MJProperty.m */ = {isa = PBXFileReference; fileEncoding = 4; lastKnownFileType = sourcecode.c.objc; path = "NSObject+MJProperty.m"; sourceTree = "<group>"; };
		A266D9971B5C881700D4B326 /* NSString+MJExtension.h */ = {isa = PBXFileReference; fileEncoding = 4; lastKnownFileType = sourcecode.c.h; path = "NSString+MJExtension.h"; sourceTree = "<group>"; };
		A266D9981B5C881700D4B326 /* NSString+MJExtension.m */ = {isa = PBXFileReference; fileEncoding = 4; lastKnownFileType = sourcecode.c.objc; path = "NSString+MJExtension.m"; sourceTree = "<group>"; };
		A266D9A21B5C9FE600D4B326 /* libWeiboSDK.a */ = {isa = PBXFileReference; lastKnownFileType = archive.ar; path = libWeiboSDK.a; sourceTree = "<group>"; };
		A266D9A31B5C9FE600D4B326 /* WBHttpRequest+WeiboGame.h */ = {isa = PBXFileReference; fileEncoding = 4; lastKnownFileType = sourcecode.c.h; path = "WBHttpRequest+WeiboGame.h"; sourceTree = "<group>"; };
		A266D9A41B5C9FE600D4B326 /* WBHttpRequest+WeiboShare.h */ = {isa = PBXFileReference; fileEncoding = 4; lastKnownFileType = sourcecode.c.h; path = "WBHttpRequest+WeiboShare.h"; sourceTree = "<group>"; };
		A266D9A51B5C9FE600D4B326 /* WBHttpRequest+WeiboToken.h */ = {isa = PBXFileReference; fileEncoding = 4; lastKnownFileType = sourcecode.c.h; path = "WBHttpRequest+WeiboToken.h"; sourceTree = "<group>"; };
		A266D9A61B5C9FE600D4B326 /* WBHttpRequest+WeiboUser.h */ = {isa = PBXFileReference; fileEncoding = 4; lastKnownFileType = sourcecode.c.h; path = "WBHttpRequest+WeiboUser.h"; sourceTree = "<group>"; };
		A266D9A71B5C9FE600D4B326 /* WBHttpRequest.h */ = {isa = PBXFileReference; fileEncoding = 4; lastKnownFileType = sourcecode.c.h; path = WBHttpRequest.h; sourceTree = "<group>"; };
		A266D9A81B5C9FE600D4B326 /* WBSDKBasicButton.h */ = {isa = PBXFileReference; fileEncoding = 4; lastKnownFileType = sourcecode.c.h; path = WBSDKBasicButton.h; sourceTree = "<group>"; };
		A266D9A91B5C9FE600D4B326 /* WBSDKCommentButton.h */ = {isa = PBXFileReference; fileEncoding = 4; lastKnownFileType = sourcecode.c.h; path = WBSDKCommentButton.h; sourceTree = "<group>"; };
		A266D9AA1B5C9FE600D4B326 /* WBSDKRelationshipButton.h */ = {isa = PBXFileReference; fileEncoding = 4; lastKnownFileType = sourcecode.c.h; path = WBSDKRelationshipButton.h; sourceTree = "<group>"; };
		A266D9AB1B5C9FE600D4B326 /* WeiboSDK.bundle */ = {isa = PBXFileReference; lastKnownFileType = "wrapper.plug-in"; path = WeiboSDK.bundle; sourceTree = "<group>"; };
		A266D9AC1B5C9FE600D4B326 /* WeiboSDK.h */ = {isa = PBXFileReference; fileEncoding = 4; lastKnownFileType = sourcecode.c.h; path = WeiboSDK.h; sourceTree = "<group>"; };
		A266D9AD1B5C9FE600D4B326 /* WeiboUser.h */ = {isa = PBXFileReference; fileEncoding = 4; lastKnownFileType = sourcecode.c.h; path = WeiboUser.h; sourceTree = "<group>"; };
		A266D9B21B5CA14F00D4B326 /* ACShowAlertTool.h */ = {isa = PBXFileReference; fileEncoding = 4; lastKnownFileType = sourcecode.c.h; path = ACShowAlertTool.h; sourceTree = "<group>"; };
		A266D9B31B5CA14F00D4B326 /* ACShowAlertTool.m */ = {isa = PBXFileReference; fileEncoding = 4; lastKnownFileType = sourcecode.c.objc; path = ACShowAlertTool.m; sourceTree = "<group>"; };
		A266D9B51B5CAF1000D4B326 /* QuartzCore.framework */ = {isa = PBXFileReference; lastKnownFileType = wrapper.framework; name = QuartzCore.framework; path = System/Library/Frameworks/QuartzCore.framework; sourceTree = SDKROOT; };
		A266D9B71B5CAF1700D4B326 /* ImageIO.framework */ = {isa = PBXFileReference; lastKnownFileType = wrapper.framework; name = ImageIO.framework; path = System/Library/Frameworks/ImageIO.framework; sourceTree = SDKROOT; };
		A266D9B91B5CAF4B00D4B326 /* CoreText.framework */ = {isa = PBXFileReference; lastKnownFileType = wrapper.framework; name = CoreText.framework; path = System/Library/Frameworks/CoreText.framework; sourceTree = SDKROOT; };
		A266D9BB1B5CAF6300D4B326 /* UIKit.framework */ = {isa = PBXFileReference; lastKnownFileType = wrapper.framework; name = UIKit.framework; path = System/Library/Frameworks/UIKit.framework; sourceTree = SDKROOT; };
		A266D9BD1B5CAF6A00D4B326 /* Foundation.framework */ = {isa = PBXFileReference; lastKnownFileType = wrapper.framework; name = Foundation.framework; path = System/Library/Frameworks/Foundation.framework; sourceTree = SDKROOT; };
		A266D9BF1B5CAFB000D4B326 /* libz.dylib */ = {isa = PBXFileReference; lastKnownFileType = "compiled.mach-o.dylib"; name = libz.dylib; path = usr/lib/libz.dylib; sourceTree = SDKROOT; };
		A266D9C11B5CF8F900D4B326 /* ACSettingProfileInfoViewController.h */ = {isa = PBXFileReference; fileEncoding = 4; lastKnownFileType = sourcecode.c.h; path = ACSettingProfileInfoViewController.h; sourceTree = "<group>"; };
		A266D9C21B5CF8F900D4B326 /* ACSettingProfileInfoViewController.m */ = {isa = PBXFileReference; fileEncoding = 4; lastKnownFileType = sourcecode.c.objc; path = ACSettingProfileInfoViewController.m; sourceTree = "<group>"; };
		A266D9C51B5CF9CD00D4B326 /* AFHTTPRequestOperation.h */ = {isa = PBXFileReference; fileEncoding = 4; lastKnownFileType = sourcecode.c.h; path = AFHTTPRequestOperation.h; sourceTree = "<group>"; };
		A266D9C61B5CF9CD00D4B326 /* AFHTTPRequestOperation.m */ = {isa = PBXFileReference; fileEncoding = 4; lastKnownFileType = sourcecode.c.objc; path = AFHTTPRequestOperation.m; sourceTree = "<group>"; };
		A266D9C71B5CF9CD00D4B326 /* AFHTTPRequestOperationManager.h */ = {isa = PBXFileReference; fileEncoding = 4; lastKnownFileType = sourcecode.c.h; path = AFHTTPRequestOperationManager.h; sourceTree = "<group>"; };
		A266D9C81B5CF9CD00D4B326 /* AFHTTPRequestOperationManager.m */ = {isa = PBXFileReference; fileEncoding = 4; lastKnownFileType = sourcecode.c.objc; path = AFHTTPRequestOperationManager.m; sourceTree = "<group>"; };
		A266D9C91B5CF9CD00D4B326 /* AFHTTPSessionManager.h */ = {isa = PBXFileReference; fileEncoding = 4; lastKnownFileType = sourcecode.c.h; path = AFHTTPSessionManager.h; sourceTree = "<group>"; };
		A266D9CA1B5CF9CD00D4B326 /* AFHTTPSessionManager.m */ = {isa = PBXFileReference; fileEncoding = 4; lastKnownFileType = sourcecode.c.objc; path = AFHTTPSessionManager.m; sourceTree = "<group>"; };
		A266D9CB1B5CF9CD00D4B326 /* AFNetworking.h */ = {isa = PBXFileReference; fileEncoding = 4; lastKnownFileType = sourcecode.c.h; path = AFNetworking.h; sourceTree = "<group>"; };
		A266D9CC1B5CF9CD00D4B326 /* AFNetworkReachabilityManager.h */ = {isa = PBXFileReference; fileEncoding = 4; lastKnownFileType = sourcecode.c.h; path = AFNetworkReachabilityManager.h; sourceTree = "<group>"; };
		A266D9CD1B5CF9CD00D4B326 /* AFNetworkReachabilityManager.m */ = {isa = PBXFileReference; fileEncoding = 4; lastKnownFileType = sourcecode.c.objc; path = AFNetworkReachabilityManager.m; sourceTree = "<group>"; };
		A266D9CE1B5CF9CD00D4B326 /* AFSecurityPolicy.h */ = {isa = PBXFileReference; fileEncoding = 4; lastKnownFileType = sourcecode.c.h; path = AFSecurityPolicy.h; sourceTree = "<group>"; };
		A266D9CF1B5CF9CD00D4B326 /* AFSecurityPolicy.m */ = {isa = PBXFileReference; fileEncoding = 4; lastKnownFileType = sourcecode.c.objc; path = AFSecurityPolicy.m; sourceTree = "<group>"; };
		A266D9D01B5CF9CD00D4B326 /* AFURLConnectionOperation.h */ = {isa = PBXFileReference; fileEncoding = 4; lastKnownFileType = sourcecode.c.h; path = AFURLConnectionOperation.h; sourceTree = "<group>"; };
		A266D9D11B5CF9CD00D4B326 /* AFURLConnectionOperation.m */ = {isa = PBXFileReference; fileEncoding = 4; lastKnownFileType = sourcecode.c.objc; path = AFURLConnectionOperation.m; sourceTree = "<group>"; };
		A266D9D21B5CF9CD00D4B326 /* AFURLRequestSerialization.h */ = {isa = PBXFileReference; fileEncoding = 4; lastKnownFileType = sourcecode.c.h; path = AFURLRequestSerialization.h; sourceTree = "<group>"; };
		A266D9D31B5CF9CD00D4B326 /* AFURLRequestSerialization.m */ = {isa = PBXFileReference; fileEncoding = 4; lastKnownFileType = sourcecode.c.objc; path = AFURLRequestSerialization.m; sourceTree = "<group>"; };
		A266D9D41B5CF9CD00D4B326 /* AFURLResponseSerialization.h */ = {isa = PBXFileReference; fileEncoding = 4; lastKnownFileType = sourcecode.c.h; path = AFURLResponseSerialization.h; sourceTree = "<group>"; };
		A266D9D51B5CF9CD00D4B326 /* AFURLResponseSerialization.m */ = {isa = PBXFileReference; fileEncoding = 4; lastKnownFileType = sourcecode.c.objc; path = AFURLResponseSerialization.m; sourceTree = "<group>"; };
		A266D9D61B5CF9CD00D4B326 /* AFURLSessionManager.h */ = {isa = PBXFileReference; fileEncoding = 4; lastKnownFileType = sourcecode.c.h; path = AFURLSessionManager.h; sourceTree = "<group>"; };
		A266D9D71B5CF9CD00D4B326 /* AFURLSessionManager.m */ = {isa = PBXFileReference; fileEncoding = 4; lastKnownFileType = sourcecode.c.objc; path = AFURLSessionManager.m; sourceTree = "<group>"; };
		A266D9E21B5CFA0B00D4B326 /* HCHttpTool.h */ = {isa = PBXFileReference; fileEncoding = 4; lastKnownFileType = sourcecode.c.h; path = HCHttpTool.h; sourceTree = "<group>"; };
		A266D9E31B5CFA0B00D4B326 /* HCHttpTool.m */ = {isa = PBXFileReference; fileEncoding = 4; lastKnownFileType = sourcecode.c.objc; path = HCHttpTool.m; sourceTree = "<group>"; };
		A266D9E51B5CFA0B00D4B326 /* HCFileParamsModel.h */ = {isa = PBXFileReference; fileEncoding = 4; lastKnownFileType = sourcecode.c.h; path = HCFileParamsModel.h; sourceTree = "<group>"; };
		A266D9E61B5CFA0B00D4B326 /* HCFileParamsModel.m */ = {isa = PBXFileReference; fileEncoding = 4; lastKnownFileType = sourcecode.c.objc; path = HCFileParamsModel.m; sourceTree = "<group>"; };
		A266D9EA1B5D0A0400D4B326 /* ACCacheDataTool.h */ = {isa = PBXFileReference; fileEncoding = 4; lastKnownFileType = sourcecode.c.h; path = ACCacheDataTool.h; sourceTree = "<group>"; };
		A266D9EB1B5D0A0400D4B326 /* ACCacheDataTool.m */ = {isa = PBXFileReference; fileEncoding = 4; lastKnownFileType = sourcecode.c.objc; path = ACCacheDataTool.m; sourceTree = "<group>"; };
		A266D9EE1B5D11D200D4B326 /* FMDatabase.h */ = {isa = PBXFileReference; fileEncoding = 4; lastKnownFileType = sourcecode.c.h; path = FMDatabase.h; sourceTree = "<group>"; };
		A266D9EF1B5D11D200D4B326 /* FMDatabase.m */ = {isa = PBXFileReference; fileEncoding = 4; lastKnownFileType = sourcecode.c.objc; path = FMDatabase.m; sourceTree = "<group>"; };
		A266D9F01B5D11D200D4B326 /* FMDatabaseAdditions.h */ = {isa = PBXFileReference; fileEncoding = 4; lastKnownFileType = sourcecode.c.h; path = FMDatabaseAdditions.h; sourceTree = "<group>"; };
		A266D9F11B5D11D200D4B326 /* FMDatabaseAdditions.m */ = {isa = PBXFileReference; fileEncoding = 4; lastKnownFileType = sourcecode.c.objc; path = FMDatabaseAdditions.m; sourceTree = "<group>"; };
		A266D9F21B5D11D200D4B326 /* FMDatabasePool.h */ = {isa = PBXFileReference; fileEncoding = 4; lastKnownFileType = sourcecode.c.h; path = FMDatabasePool.h; sourceTree = "<group>"; };
		A266D9F31B5D11D200D4B326 /* FMDatabasePool.m */ = {isa = PBXFileReference; fileEncoding = 4; lastKnownFileType = sourcecode.c.objc; path = FMDatabasePool.m; sourceTree = "<group>"; };
		A266D9F41B5D11D200D4B326 /* FMDatabaseQueue.h */ = {isa = PBXFileReference; fileEncoding = 4; lastKnownFileType = sourcecode.c.h; path = FMDatabaseQueue.h; sourceTree = "<group>"; };
		A266D9F51B5D11D200D4B326 /* FMDatabaseQueue.m */ = {isa = PBXFileReference; fileEncoding = 4; lastKnownFileType = sourcecode.c.objc; path = FMDatabaseQueue.m; sourceTree = "<group>"; };
		A266D9F61B5D11D200D4B326 /* FMDB.h */ = {isa = PBXFileReference; fileEncoding = 4; lastKnownFileType = sourcecode.c.h; path = FMDB.h; sourceTree = "<group>"; };
		A266D9F71B5D11D200D4B326 /* FMResultSet.h */ = {isa = PBXFileReference; fileEncoding = 4; lastKnownFileType = sourcecode.c.h; path = FMResultSet.h; sourceTree = "<group>"; };
		A266D9F81B5D11D200D4B326 /* FMResultSet.m */ = {isa = PBXFileReference; fileEncoding = 4; lastKnownFileType = sourcecode.c.objc; path = FMResultSet.m; sourceTree = "<group>"; };
		A2845E911B5A9FBE006E0CE0 /* ACRegisterViewController.h */ = {isa = PBXFileReference; fileEncoding = 4; lastKnownFileType = sourcecode.c.h; path = ACRegisterViewController.h; sourceTree = "<group>"; };
		A2845E921B5A9FBE006E0CE0 /* ACRegisterViewController.m */ = {isa = PBXFileReference; fileEncoding = 4; lastKnownFileType = sourcecode.c.objc; path = ACRegisterViewController.m; sourceTree = "<group>"; };
		A2845E941B5AB0F2006E0CE0 /* BmobSDK.framework */ = {isa = PBXFileReference; lastKnownFileType = wrapper.framework; path = BmobSDK.framework; sourceTree = "<group>"; };
		A2845E961B5AB10D006E0CE0 /* CoreLocation.framework */ = {isa = PBXFileReference; lastKnownFileType = wrapper.framework; name = CoreLocation.framework; path = System/Library/Frameworks/CoreLocation.framework; sourceTree = SDKROOT; };
		A2845E981B5AB112006E0CE0 /* Security.framework */ = {isa = PBXFileReference; lastKnownFileType = wrapper.framework; name = Security.framework; path = System/Library/Frameworks/Security.framework; sourceTree = SDKROOT; };
		A2845E9A1B5AB126006E0CE0 /* CoreGraphics.framework */ = {isa = PBXFileReference; lastKnownFileType = wrapper.framework; name = CoreGraphics.framework; path = System/Library/Frameworks/CoreGraphics.framework; sourceTree = SDKROOT; };
		A2845E9C1B5AB12C006E0CE0 /* MobileCoreServices.framework */ = {isa = PBXFileReference; lastKnownFileType = wrapper.framework; name = MobileCoreServices.framework; path = System/Library/Frameworks/MobileCoreServices.framework; sourceTree = SDKROOT; };
		A2845E9E1B5AB13E006E0CE0 /* CFNetwork.framework */ = {isa = PBXFileReference; lastKnownFileType = wrapper.framework; name = CFNetwork.framework; path = System/Library/Frameworks/CFNetwork.framework; sourceTree = SDKROOT; };
		A2845EA01B5AB143006E0CE0 /* CoreTelephony.framework */ = {isa = PBXFileReference; lastKnownFileType = wrapper.framework; name = CoreTelephony.framework; path = System/Library/Frameworks/CoreTelephony.framework; sourceTree = SDKROOT; };
		A2845EA21B5AB156006E0CE0 /* SystemConfiguration.framework */ = {isa = PBXFileReference; lastKnownFileType = wrapper.framework; name = SystemConfiguration.framework; path = System/Library/Frameworks/SystemConfiguration.framework; sourceTree = SDKROOT; };
		A2845EA41B5AB15C006E0CE0 /* libz.1.2.5.dylib */ = {isa = PBXFileReference; lastKnownFileType = "compiled.mach-o.dylib"; name = libz.1.2.5.dylib; path = usr/lib/libz.1.2.5.dylib; sourceTree = SDKROOT; };
		A2845EA61B5AB17C006E0CE0 /* libsqlite3.dylib */ = {isa = PBXFileReference; lastKnownFileType = "compiled.mach-o.dylib"; name = libsqlite3.dylib; path = usr/lib/libsqlite3.dylib; sourceTree = SDKROOT; };
		A2845EA81B5AB186006E0CE0 /* libicucore.dylib */ = {isa = PBXFileReference; lastKnownFileType = "compiled.mach-o.dylib"; name = libicucore.dylib; path = usr/lib/libicucore.dylib; sourceTree = SDKROOT; };
		A2845EAA1B5AB198006E0CE0 /* AVFoundation.framework */ = {isa = PBXFileReference; lastKnownFileType = wrapper.framework; name = AVFoundation.framework; path = System/Library/Frameworks/AVFoundation.framework; sourceTree = SDKROOT; };
		A2845EAC1B5AB19D006E0CE0 /* MediaPlayer.framework */ = {isa = PBXFileReference; lastKnownFileType = wrapper.framework; name = MediaPlayer.framework; path = System/Library/Frameworks/MediaPlayer.framework; sourceTree = SDKROOT; };
		A2845EAF1B5AB825006E0CE0 /* MBProgressHUD+MJ.h */ = {isa = PBXFileReference; fileEncoding = 4; lastKnownFileType = sourcecode.c.h; path = "MBProgressHUD+MJ.h"; sourceTree = "<group>"; };
		A2845EB01B5AB825006E0CE0 /* MBProgressHUD+MJ.m */ = {isa = PBXFileReference; fileEncoding = 4; lastKnownFileType = sourcecode.c.objc; path = "MBProgressHUD+MJ.m"; sourceTree = "<group>"; };
		A2845EB11B5AB825006E0CE0 /* MBProgressHUD.bundle */ = {isa = PBXFileReference; lastKnownFileType = "wrapper.plug-in"; path = MBProgressHUD.bundle; sourceTree = "<group>"; };
		A2845EB21B5AB825006E0CE0 /* MBProgressHUD.h */ = {isa = PBXFileReference; fileEncoding = 4; lastKnownFileType = sourcecode.c.h; path = MBProgressHUD.h; sourceTree = "<group>"; };
		A2845EB31B5AB825006E0CE0 /* MBProgressHUD.m */ = {isa = PBXFileReference; fileEncoding = 4; lastKnownFileType = sourcecode.c.objc; path = MBProgressHUD.m; sourceTree = "<group>"; };
		A28BFEB61B53A2CC00A712F1 /* A-cyclist.app */ = {isa = PBXFileReference; explicitFileType = wrapper.application; includeInIndex = 0; path = "A-cyclist.app"; sourceTree = BUILT_PRODUCTS_DIR; };
		A28BFEBA1B53A2CC00A712F1 /* Info.plist */ = {isa = PBXFileReference; lastKnownFileType = text.plist.xml; path = Info.plist; sourceTree = "<group>"; };
		A28BFEC61B53A2CC00A712F1 /* Images.xcassets */ = {isa = PBXFileReference; lastKnownFileType = folder.assetcatalog; path = Images.xcassets; sourceTree = "<group>"; };
		A28BFEC91B53A2CC00A712F1 /* Base */ = {isa = PBXFileReference; lastKnownFileType = file.xib; name = Base; path = Base.lproj/LaunchScreen.xib; sourceTree = "<group>"; };
		A28BFECF1B53A2CD00A712F1 /* A-cyclistTests.xctest */ = {isa = PBXFileReference; explicitFileType = wrapper.cfbundle; includeInIndex = 0; path = "A-cyclistTests.xctest"; sourceTree = BUILT_PRODUCTS_DIR; };
		A28BFED41B53A2CD00A712F1 /* Info.plist */ = {isa = PBXFileReference; lastKnownFileType = text.plist.xml; path = Info.plist; sourceTree = "<group>"; };
		A28BFED51B53A2CD00A712F1 /* A_cyclistTests.m */ = {isa = PBXFileReference; lastKnownFileType = sourcecode.c.objc; path = A_cyclistTests.m; sourceTree = "<group>"; };
		A28BFEEF1B53B35B00A712F1 /* AppDelegate.h */ = {isa = PBXFileReference; fileEncoding = 4; lastKnownFileType = sourcecode.c.h; path = AppDelegate.h; sourceTree = "<group>"; };
		A28BFEF01B53B35B00A712F1 /* AppDelegate.m */ = {isa = PBXFileReference; fileEncoding = 4; lastKnownFileType = sourcecode.c.objc; path = AppDelegate.m; sourceTree = "<group>"; };
		A28BFEF11B53B35B00A712F1 /* main.m */ = {isa = PBXFileReference; fileEncoding = 4; lastKnownFileType = sourcecode.c.objc; path = main.m; sourceTree = "<group>"; };
		A28BFF121B53BE2F00A712F1 /* ACGlobal.h */ = {isa = PBXFileReference; fileEncoding = 4; lastKnownFileType = sourcecode.c.h; path = ACGlobal.h; sourceTree = "<group>"; };
		A28BFF131B53BECC00A712F1 /* ACGlobal.m */ = {isa = PBXFileReference; fileEncoding = 4; lastKnownFileType = sourcecode.c.objc; path = ACGlobal.m; sourceTree = "<group>"; };
		A28BFF151B53F98200A712F1 /* cycling.storyboard */ = {isa = PBXFileReference; fileEncoding = 4; lastKnownFileType = file.storyboard; path = cycling.storyboard; sourceTree = "<group>"; };
		A28BFF171B53F9AD00A712F1 /* profile.storyboard */ = {isa = PBXFileReference; fileEncoding = 4; lastKnownFileType = file.storyboard; path = profile.storyboard; sourceTree = "<group>"; };
		A28BFF191B53F9D700A712F1 /* ranking.storyboard */ = {isa = PBXFileReference; fileEncoding = 4; lastKnownFileType = file.storyboard; path = ranking.storyboard; sourceTree = "<group>"; };
		A28BFF1B1B53F9E900A712F1 /* route.storyboard */ = {isa = PBXFileReference; fileEncoding = 4; lastKnownFileType = file.storyboard; path = route.storyboard; sourceTree = "<group>"; };
		A28BFF1D1B53F9FD00A712F1 /* setting.storyboard */ = {isa = PBXFileReference; fileEncoding = 4; lastKnownFileType = file.storyboard; path = setting.storyboard; sourceTree = "<group>"; };
		A2D483AA1B5515B700BC8406 /* ACTabBarController.h */ = {isa = PBXFileReference; fileEncoding = 4; lastKnownFileType = sourcecode.c.h; path = ACTabBarController.h; sourceTree = "<group>"; };
		A2D483AB1B5515B700BC8406 /* ACTabBarController.m */ = {isa = PBXFileReference; fileEncoding = 4; lastKnownFileType = sourcecode.c.objc; path = ACTabBarController.m; sourceTree = "<group>"; };
		A2D483B41B5516E300BC8406 /* UIColor+Tools.h */ = {isa = PBXFileReference; fileEncoding = 4; lastKnownFileType = sourcecode.c.h; path = "UIColor+Tools.h"; sourceTree = "<group>"; };
		A2D483B51B5516E300BC8406 /* UIColor+Tools.m */ = {isa = PBXFileReference; fileEncoding = 4; lastKnownFileType = sourcecode.c.objc; path = "UIColor+Tools.m"; sourceTree = "<group>"; };
		A2D483B71B5525B200BC8406 /* HCTabBar5ContentView.h */ = {isa = PBXFileReference; fileEncoding = 4; lastKnownFileType = sourcecode.c.h; path = HCTabBar5ContentView.h; sourceTree = "<group>"; };
		A2D483B81B5525B200BC8406 /* HCTabBar5ContentView.m */ = {isa = PBXFileReference; fileEncoding = 4; lastKnownFileType = sourcecode.c.objc; path = HCTabBar5ContentView.m; sourceTree = "<group>"; };
		A2F040E91B563A51004FBF3D /* ACBaseTableViewController.h */ = {isa = PBXFileReference; fileEncoding = 4; lastKnownFileType = sourcecode.c.h; path = ACBaseTableViewController.h; sourceTree = "<group>"; };
		A2F040EA1B563A51004FBF3D /* ACBaseTableViewController.m */ = {isa = PBXFileReference; fileEncoding = 4; lastKnownFileType = sourcecode.c.objc; path = ACBaseTableViewController.m; sourceTree = "<group>"; };
		A2F875101B5676630075F323 /* ACSettingCellModel.h */ = {isa = PBXFileReference; fileEncoding = 4; lastKnownFileType = sourcecode.c.h; path = ACSettingCellModel.h; sourceTree = "<group>"; };
		A2F875111B5676630075F323 /* ACSettingCellModel.m */ = {isa = PBXFileReference; fileEncoding = 4; lastKnownFileType = sourcecode.c.objc; path = ACSettingCellModel.m; sourceTree = "<group>"; };
/* End PBXFileReference section */

/* Begin PBXFrameworksBuildPhase section */
		A28BFEB31B53A2CC00A712F1 /* Frameworks */ = {
			isa = PBXFrameworksBuildPhase;
			buildActionMask = 2147483647;
			files = (
				A266D9C01B5CAFB000D4B326 /* libz.dylib in Frameworks */,
				A266D9BE1B5CAF6A00D4B326 /* Foundation.framework in Frameworks */,
				A266D9BC1B5CAF6300D4B326 /* UIKit.framework in Frameworks */,
				A266D9BA1B5CAF4B00D4B326 /* CoreText.framework in Frameworks */,
				A2845E991B5AB112006E0CE0 /* Security.framework in Frameworks */,
				A266D9B81B5CAF1700D4B326 /* ImageIO.framework in Frameworks */,
				A266D9B61B5CAF1100D4B326 /* QuartzCore.framework in Frameworks */,
				A2845EAD1B5AB19D006E0CE0 /* MediaPlayer.framework in Frameworks */,
				A2845EAB1B5AB198006E0CE0 /* AVFoundation.framework in Frameworks */,
				A2845EA91B5AB186006E0CE0 /* libicucore.dylib in Frameworks */,
				A266D9AE1B5C9FE600D4B326 /* libWeiboSDK.a in Frameworks */,
				A2845EA71B5AB17C006E0CE0 /* libsqlite3.dylib in Frameworks */,
				A2845EA51B5AB15C006E0CE0 /* libz.1.2.5.dylib in Frameworks */,
				A2845EA31B5AB156006E0CE0 /* SystemConfiguration.framework in Frameworks */,
				A2845EA11B5AB143006E0CE0 /* CoreTelephony.framework in Frameworks */,
				A2845E9F1B5AB13E006E0CE0 /* CFNetwork.framework in Frameworks */,
				A2845E9D1B5AB12C006E0CE0 /* MobileCoreServices.framework in Frameworks */,
				A2845E9B1B5AB126006E0CE0 /* CoreGraphics.framework in Frameworks */,
				A2845E971B5AB10D006E0CE0 /* CoreLocation.framework in Frameworks */,
				A2845E951B5AB0F2006E0CE0 /* BmobSDK.framework in Frameworks */,
			);
			runOnlyForDeploymentPostprocessing = 0;
		};
		A28BFECC1B53A2CD00A712F1 /* Frameworks */ = {
			isa = PBXFrameworksBuildPhase;
			buildActionMask = 2147483647;
			files = (
			);
			runOnlyForDeploymentPostprocessing = 0;
		};
/* End PBXFrameworksBuildPhase section */

/* Begin PBXGroup section */
		A204B1581B5B506B004C0A6C /* HCKeyboard */ = {
			isa = PBXGroup;
			children = (
				A204B1591B5B506B004C0A6C /* HCBaseKeyboardViewController.h */,
				A204B15A1B5B506B004C0A6C /* HCBaseKeyboardViewController.m */,
				A204B15B1B5B506B004C0A6C /* View */,
			);
			path = HCKeyboard;
			sourceTree = "<group>";
		};
		A204B15B1B5B506B004C0A6C /* View */ = {
			isa = PBXGroup;
			children = (
				A204B15C1B5B506B004C0A6C /* HCKeyboardTool.h */,
				A204B15D1B5B506B004C0A6C /* HCKeyboardTool.m */,
				A204B15E1B5B506B004C0A6C /* HCKeyboardTool.xib */,
			);
			path = View;
			sourceTree = "<group>";
		};
		A204B1631B5B8210004C0A6C /* DataBaseTool */ = {
			isa = PBXGroup;
			children = (
				A204B1641B5B8232004C0A6C /* ACDataBaseTool.h */,
				A204B1651B5B8232004C0A6C /* ACDataBaseTool.m */,
			);
			path = DataBaseTool;
			sourceTree = "<group>";
		};
		A204B1671B5BE128004C0A6C /* Model */ = {
			isa = PBXGroup;
			children = (
				A204B1681B5BE144004C0A6C /* ACUserModel.h */,
				A204B1691B5BE144004C0A6C /* ACUserModel.m */,
			);
			path = Model;
			sourceTree = "<group>";
		};
		A218F7001B5A3F09007CBADA /* View */ = {
			isa = PBXGroup;
			children = (
				A218F7041B5A3FB2007CBADA /* ACLogin.storyboard */,
			);
			path = View;
			sourceTree = "<group>";
		};
		A261B0391B5780E7006C8917 /* About */ = {
			isa = PBXGroup;
			children = (
			);
			path = About;
			sourceTree = "<group>";
		};
		A261B03A1B5780E7006C8917 /* Clean */ = {
			isa = PBXGroup;
			children = (
			);
			path = Clean;
			sourceTree = "<group>";
		};
		A261B03B1B5780E7006C8917 /* OffMaps */ = {
			isa = PBXGroup;
			children = (
			);
			path = OffMaps;
			sourceTree = "<group>";
		};
		A261B03C1B5780E7006C8917 /* Praise */ = {
			isa = PBXGroup;
			children = (
			);
			path = Praise;
			sourceTree = "<group>";
		};
		A261B03D1B5780E7006C8917 /* ProfileInfo */ = {
			isa = PBXGroup;
			children = (
				A266D9C11B5CF8F900D4B326 /* ACSettingProfileInfoViewController.h */,
				A266D9C21B5CF8F900D4B326 /* ACSettingProfileInfoViewController.m */,
			);
			path = ProfileInfo;
			sourceTree = "<group>";
		};
		A261B03E1B5780E7006C8917 /* Push */ = {
			isa = PBXGroup;
			children = (
			);
			path = Push;
			sourceTree = "<group>";
		};
		A261B03F1B5780E7006C8917 /* UploadLog */ = {
			isa = PBXGroup;
			children = (
			);
			path = UploadLog;
			sourceTree = "<group>";
		};
		A266D9871B5C881700D4B326 /* MJExtension */ = {
			isa = PBXGroup;
			children = (
				A266D9881B5C881700D4B326 /* MJConst.h */,
				A266D9891B5C881700D4B326 /* MJConst.m */,
				A266D98A1B5C881700D4B326 /* MJExtension.h */,
				A266D98B1B5C881700D4B326 /* MJFoundation.h */,
				A266D98C1B5C881700D4B326 /* MJFoundation.m */,
				A266D98D1B5C881700D4B326 /* MJProperty.h */,
				A266D98E1B5C881700D4B326 /* MJProperty.m */,
				A266D98F1B5C881700D4B326 /* MJType.h */,
				A266D9901B5C881700D4B326 /* MJType.m */,
				A266D9911B5C881700D4B326 /* NSObject+MJCoding.h */,
				A266D9921B5C881700D4B326 /* NSObject+MJCoding.m */,
				A266D9931B5C881700D4B326 /* NSObject+MJKeyValue.h */,
				A266D9941B5C881700D4B326 /* NSObject+MJKeyValue.m */,
				A266D9951B5C881700D4B326 /* NSObject+MJProperty.h */,
				A266D9961B5C881700D4B326 /* NSObject+MJProperty.m */,
				A266D9971B5C881700D4B326 /* NSString+MJExtension.h */,
				A266D9981B5C881700D4B326 /* NSString+MJExtension.m */,
			);
			path = MJExtension;
			sourceTree = "<group>";
		};
		A266D9A11B5C9FE600D4B326 /* libWeiboSDK */ = {
			isa = PBXGroup;
			children = (
				A266D9A21B5C9FE600D4B326 /* libWeiboSDK.a */,
				A266D9A31B5C9FE600D4B326 /* WBHttpRequest+WeiboGame.h */,
				A266D9A41B5C9FE600D4B326 /* WBHttpRequest+WeiboShare.h */,
				A266D9A51B5C9FE600D4B326 /* WBHttpRequest+WeiboToken.h */,
				A266D9A61B5C9FE600D4B326 /* WBHttpRequest+WeiboUser.h */,
				A266D9A71B5C9FE600D4B326 /* WBHttpRequest.h */,
				A266D9A81B5C9FE600D4B326 /* WBSDKBasicButton.h */,
				A266D9A91B5C9FE600D4B326 /* WBSDKCommentButton.h */,
				A266D9AA1B5C9FE600D4B326 /* WBSDKRelationshipButton.h */,
				A266D9AB1B5C9FE600D4B326 /* WeiboSDK.bundle */,
				A266D9AC1B5C9FE600D4B326 /* WeiboSDK.h */,
				A266D9AD1B5C9FE600D4B326 /* WeiboUser.h */,
			);
			path = libWeiboSDK;
			sourceTree = "<group>";
		};
		A266D9B11B5CA13900D4B326 /* ShowAlert */ = {
			isa = PBXGroup;
			children = (
				A266D9B21B5CA14F00D4B326 /* ACShowAlertTool.h */,
				A266D9B31B5CA14F00D4B326 /* ACShowAlertTool.m */,
			);
			path = ShowAlert;
			sourceTree = "<group>";
		};
		A266D9C41B5CF9CD00D4B326 /* AFNetworking */ = {
			isa = PBXGroup;
			children = (
				A266D9C51B5CF9CD00D4B326 /* AFHTTPRequestOperation.h */,
				A266D9C61B5CF9CD00D4B326 /* AFHTTPRequestOperation.m */,
				A266D9C71B5CF9CD00D4B326 /* AFHTTPRequestOperationManager.h */,
				A266D9C81B5CF9CD00D4B326 /* AFHTTPRequestOperationManager.m */,
				A266D9C91B5CF9CD00D4B326 /* AFHTTPSessionManager.h */,
				A266D9CA1B5CF9CD00D4B326 /* AFHTTPSessionManager.m */,
				A266D9CB1B5CF9CD00D4B326 /* AFNetworking.h */,
				A266D9CC1B5CF9CD00D4B326 /* AFNetworkReachabilityManager.h */,
				A266D9CD1B5CF9CD00D4B326 /* AFNetworkReachabilityManager.m */,
				A266D9CE1B5CF9CD00D4B326 /* AFSecurityPolicy.h */,
				A266D9CF1B5CF9CD00D4B326 /* AFSecurityPolicy.m */,
				A266D9D01B5CF9CD00D4B326 /* AFURLConnectionOperation.h */,
				A266D9D11B5CF9CD00D4B326 /* AFURLConnectionOperation.m */,
				A266D9D21B5CF9CD00D4B326 /* AFURLRequestSerialization.h */,
				A266D9D31B5CF9CD00D4B326 /* AFURLRequestSerialization.m */,
				A266D9D41B5CF9CD00D4B326 /* AFURLResponseSerialization.h */,
				A266D9D51B5CF9CD00D4B326 /* AFURLResponseSerialization.m */,
				A266D9D61B5CF9CD00D4B326 /* AFURLSessionManager.h */,
				A266D9D71B5CF9CD00D4B326 /* AFURLSessionManager.m */,
			);
			path = AFNetworking;
			sourceTree = "<group>";
		};
		A266D9E11B5CFA0B00D4B326 /* HttpTool */ = {
			isa = PBXGroup;
			children = (
				A266D9E21B5CFA0B00D4B326 /* HCHttpTool.h */,
				A266D9E31B5CFA0B00D4B326 /* HCHttpTool.m */,
				A266D9E41B5CFA0B00D4B326 /* Model */,
			);
			path = HttpTool;
			sourceTree = "<group>";
		};
		A266D9E41B5CFA0B00D4B326 /* Model */ = {
			isa = PBXGroup;
			children = (
				A266D9E51B5CFA0B00D4B326 /* HCFileParamsModel.h */,
				A266D9E61B5CFA0B00D4B326 /* HCFileParamsModel.m */,
			);
			path = Model;
			sourceTree = "<group>";
		};
		A266D9E91B5D09DE00D4B326 /* CacheDataTool */ = {
			isa = PBXGroup;
			children = (
				A266D9EA1B5D0A0400D4B326 /* ACCacheDataTool.h */,
				A266D9EB1B5D0A0400D4B326 /* ACCacheDataTool.m */,
			);
			path = CacheDataTool;
			sourceTree = "<group>";
		};
		A266D9ED1B5D11D200D4B326 /* fmdb */ = {
			isa = PBXGroup;
			children = (
				A266D9EE1B5D11D200D4B326 /* FMDatabase.h */,
				A266D9EF1B5D11D200D4B326 /* FMDatabase.m */,
				A266D9F01B5D11D200D4B326 /* FMDatabaseAdditions.h */,
				A266D9F11B5D11D200D4B326 /* FMDatabaseAdditions.m */,
				A266D9F21B5D11D200D4B326 /* FMDatabasePool.h */,
				A266D9F31B5D11D200D4B326 /* FMDatabasePool.m */,
				A266D9F41B5D11D200D4B326 /* FMDatabaseQueue.h */,
				A266D9F51B5D11D200D4B326 /* FMDatabaseQueue.m */,
				A266D9F61B5D11D200D4B326 /* FMDB.h */,
				A266D9F71B5D11D200D4B326 /* FMResultSet.h */,
				A266D9F81B5D11D200D4B326 /* FMResultSet.m */,
			);
			path = fmdb;
			sourceTree = "<group>";
		};
		A2845EAE1B5AB825006E0CE0 /* MBProgressHUD */ = {
			isa = PBXGroup;
			children = (
				A2845EAF1B5AB825006E0CE0 /* MBProgressHUD+MJ.h */,
				A2845EB01B5AB825006E0CE0 /* MBProgressHUD+MJ.m */,
				A2845EB11B5AB825006E0CE0 /* MBProgressHUD.bundle */,
				A2845EB21B5AB825006E0CE0 /* MBProgressHUD.h */,
				A2845EB31B5AB825006E0CE0 /* MBProgressHUD.m */,
			);
			path = MBProgressHUD;
			sourceTree = "<group>";
		};
		A28BFEAD1B53A2CC00A712F1 = {
			isa = PBXGroup;
			children = (
				A266D9BF1B5CAFB000D4B326 /* libz.dylib */,
				A266D9BD1B5CAF6A00D4B326 /* Foundation.framework */,
				A266D9BB1B5CAF6300D4B326 /* UIKit.framework */,
				A266D9B91B5CAF4B00D4B326 /* CoreText.framework */,
				A266D9B71B5CAF1700D4B326 /* ImageIO.framework */,
				A266D9B51B5CAF1000D4B326 /* QuartzCore.framework */,
				A2845EAC1B5AB19D006E0CE0 /* MediaPlayer.framework */,
				A2845EAA1B5AB198006E0CE0 /* AVFoundation.framework */,
				A2845EA81B5AB186006E0CE0 /* libicucore.dylib */,
				A2845EA61B5AB17C006E0CE0 /* libsqlite3.dylib */,
				A2845EA41B5AB15C006E0CE0 /* libz.1.2.5.dylib */,
				A2845EA21B5AB156006E0CE0 /* SystemConfiguration.framework */,
				A2845EA01B5AB143006E0CE0 /* CoreTelephony.framework */,
				A2845E9E1B5AB13E006E0CE0 /* CFNetwork.framework */,
				A2845E9C1B5AB12C006E0CE0 /* MobileCoreServices.framework */,
				A2845E9A1B5AB126006E0CE0 /* CoreGraphics.framework */,
				A2845E981B5AB112006E0CE0 /* Security.framework */,
				A2845E961B5AB10D006E0CE0 /* CoreLocation.framework */,
				A28BFEB81B53A2CC00A712F1 /* A-cyclist */,
				A28BFED21B53A2CD00A712F1 /* A-cyclistTests */,
				A28BFEB71B53A2CC00A712F1 /* Products */,
			);
			sourceTree = "<group>";
		};
		A28BFEB71B53A2CC00A712F1 /* Products */ = {
			isa = PBXGroup;
			children = (
				A28BFEB61B53A2CC00A712F1 /* A-cyclist.app */,
				A28BFECF1B53A2CD00A712F1 /* A-cyclistTests.xctest */,
			);
			name = Products;
			sourceTree = "<group>";
		};
		A28BFEB81B53A2CC00A712F1 /* A-cyclist */ = {
			isa = PBXGroup;
			children = (
				A28BFEDF1B53B35B00A712F1 /* Class */,
				A28BFEC61B53A2CC00A712F1 /* Images.xcassets */,
				A28BFEC81B53A2CC00A712F1 /* LaunchScreen.xib */,
				A28BFEB91B53A2CC00A712F1 /* Supporting Files */,
			);
			path = "A-cyclist";
			sourceTree = "<group>";
		};
		A28BFEB91B53A2CC00A712F1 /* Supporting Files */ = {
			isa = PBXGroup;
			children = (
				A28BFEBA1B53A2CC00A712F1 /* Info.plist */,
			);
			name = "Supporting Files";
			sourceTree = "<group>";
		};
		A28BFED21B53A2CD00A712F1 /* A-cyclistTests */ = {
			isa = PBXGroup;
			children = (
				A28BFED51B53A2CD00A712F1 /* A_cyclistTests.m */,
				A28BFED31B53A2CD00A712F1 /* Supporting Files */,
			);
			path = "A-cyclistTests";
			sourceTree = "<group>";
		};
		A28BFED31B53A2CD00A712F1 /* Supporting Files */ = {
			isa = PBXGroup;
			children = (
				A28BFED41B53A2CD00A712F1 /* Info.plist */,
			);
			name = "Supporting Files";
			sourceTree = "<group>";
		};
		A28BFEDF1B53B35B00A712F1 /* Class */ = {
			isa = PBXGroup;
			children = (
				A204B1671B5BE128004C0A6C /* Model */,
				A28BFEE81B53B35B00A712F1 /* Lib */,
				A28BFEE01B53B35B00A712F1 /* Auth */,
				A28BFEE41B53B35B00A712F1 /* Cycling */,
				A28BFEE91B53B35B00A712F1 /* Main */,
				A28BFEF31B53B35B00A712F1 /* NewFeature */,
				A28BFEF71B53B35B00A712F1 /* Profile */,
				A28BFEFB1B53B35B00A712F1 /* Ranking */,
				A28BFEFF1B53B35B00A712F1 /* Route */,
				A28BFF031B53B35B00A712F1 /* Setting */,
				A28BFF071B53B35B00A712F1 /* Tool */,
			);
			path = Class;
			sourceTree = "<group>";
		};
		A28BFEE01B53B35B00A712F1 /* Auth */ = {
			isa = PBXGroup;
			children = (
				A218F7001B5A3F09007CBADA /* View */,
				A28BFEE11B53B35B00A712F1 /* Controller */,
				A28BFEE21B53B35B00A712F1 /* Model */,
			);
			path = Auth;
			sourceTree = "<group>";
		};
		A28BFEE11B53B35B00A712F1 /* Controller */ = {
			isa = PBXGroup;
			children = (
				A218F7011B5A3F33007CBADA /* ACLoginViewController.h */,
				A218F7021B5A3F33007CBADA /* ACLoginViewController.m */,
				A2845E911B5A9FBE006E0CE0 /* ACRegisterViewController.h */,
				A2845E921B5A9FBE006E0CE0 /* ACRegisterViewController.m */,
			);
			path = Controller;
			sourceTree = "<group>";
		};
		A28BFEE21B53B35B00A712F1 /* Model */ = {
			isa = PBXGroup;
			children = (
			);
			path = Model;
			sourceTree = "<group>";
		};
		A28BFEE41B53B35B00A712F1 /* Cycling */ = {
			isa = PBXGroup;
			children = (
				A28BFEE51B53B35B00A712F1 /* Controller */,
				A28BFEE61B53B35B00A712F1 /* Model */,
				A28BFEE71B53B35B00A712F1 /* View */,
			);
			path = Cycling;
			sourceTree = "<group>";
		};
		A28BFEE51B53B35B00A712F1 /* Controller */ = {
			isa = PBXGroup;
			children = (
			);
			path = Controller;
			sourceTree = "<group>";
		};
		A28BFEE61B53B35B00A712F1 /* Model */ = {
			isa = PBXGroup;
			children = (
			);
			path = Model;
			sourceTree = "<group>";
		};
		A28BFEE71B53B35B00A712F1 /* View */ = {
			isa = PBXGroup;
			children = (
				A28BFF151B53F98200A712F1 /* cycling.storyboard */,
			);
			path = View;
			sourceTree = "<group>";
		};
		A28BFEE81B53B35B00A712F1 /* Lib */ = {
			isa = PBXGroup;
			children = (
				A266D9ED1B5D11D200D4B326 /* fmdb */,
				A266D9C41B5CF9CD00D4B326 /* AFNetworking */,
				A266D9A11B5C9FE600D4B326 /* libWeiboSDK */,
				A266D9871B5C881700D4B326 /* MJExtension */,
				A2845EAE1B5AB825006E0CE0 /* MBProgressHUD */,
				A2845E941B5AB0F2006E0CE0 /* BmobSDK.framework */,
			);
			path = Lib;
			sourceTree = "<group>";
		};
		A28BFEE91B53B35B00A712F1 /* Main */ = {
			isa = PBXGroup;
			children = (
				A2D483B31B5516CD00BC8406 /* Category */,
				A2D1ECF31B550E3A00344246 /* View */,
				A28BFEEA1B53B35B00A712F1 /* Controller */,
				A28BFEED1B53B35B00A712F1 /* Model */,
				A28BFEEE1B53B35B00A712F1 /* Other */,
			);
			path = Main;
			sourceTree = "<group>";
		};
		A28BFEEA1B53B35B00A712F1 /* Controller */ = {
			isa = PBXGroup;
			children = (
				A2D483AA1B5515B700BC8406 /* ACTabBarController.h */,
				A2D483AB1B5515B700BC8406 /* ACTabBarController.m */,
			);
			path = Controller;
			sourceTree = "<group>";
		};
		A28BFEED1B53B35B00A712F1 /* Model */ = {
			isa = PBXGroup;
			children = (
			);
			path = Model;
			sourceTree = "<group>";
		};
		A28BFEEE1B53B35B00A712F1 /* Other */ = {
			isa = PBXGroup;
			children = (
				A28BFEEF1B53B35B00A712F1 /* AppDelegate.h */,
				A28BFEF01B53B35B00A712F1 /* AppDelegate.m */,
				A28BFEF11B53B35B00A712F1 /* main.m */,
				A28BFF121B53BE2F00A712F1 /* ACGlobal.h */,
				A28BFF131B53BECC00A712F1 /* ACGlobal.m */,
			);
			path = Other;
			sourceTree = "<group>";
		};
		A28BFEF31B53B35B00A712F1 /* NewFeature */ = {
			isa = PBXGroup;
			children = (
				A28BFEF41B53B35B00A712F1 /* Controller */,
				A28BFEF51B53B35B00A712F1 /* Model */,
				A28BFEF61B53B35B00A712F1 /* View */,
			);
			path = NewFeature;
			sourceTree = "<group>";
		};
		A28BFEF41B53B35B00A712F1 /* Controller */ = {
			isa = PBXGroup;
			children = (
			);
			path = Controller;
			sourceTree = "<group>";
		};
		A28BFEF51B53B35B00A712F1 /* Model */ = {
			isa = PBXGroup;
			children = (
			);
			path = Model;
			sourceTree = "<group>";
		};
		A28BFEF61B53B35B00A712F1 /* View */ = {
			isa = PBXGroup;
			children = (
			);
			path = View;
			sourceTree = "<group>";
		};
		A28BFEF71B53B35B00A712F1 /* Profile */ = {
			isa = PBXGroup;
			children = (
				A28BFEF81B53B35B00A712F1 /* Controller */,
				A28BFEF91B53B35B00A712F1 /* Model */,
				A28BFEFA1B53B35B00A712F1 /* View */,
			);
			path = Profile;
			sourceTree = "<group>";
		};
		A28BFEF81B53B35B00A712F1 /* Controller */ = {
			isa = PBXGroup;
			children = (
			);
			path = Controller;
			sourceTree = "<group>";
		};
		A28BFEF91B53B35B00A712F1 /* Model */ = {
			isa = PBXGroup;
			children = (
			);
			path = Model;
			sourceTree = "<group>";
		};
		A28BFEFA1B53B35B00A712F1 /* View */ = {
			isa = PBXGroup;
			children = (
				A28BFF171B53F9AD00A712F1 /* profile.storyboard */,
			);
			path = View;
			sourceTree = "<group>";
		};
		A28BFEFB1B53B35B00A712F1 /* Ranking */ = {
			isa = PBXGroup;
			children = (
				A28BFEFC1B53B35B00A712F1 /* Controller */,
				A28BFEFD1B53B35B00A712F1 /* Model */,
				A28BFEFE1B53B35B00A712F1 /* View */,
			);
			path = Ranking;
			sourceTree = "<group>";
		};
		A28BFEFC1B53B35B00A712F1 /* Controller */ = {
			isa = PBXGroup;
			children = (
			);
			path = Controller;
			sourceTree = "<group>";
		};
		A28BFEFD1B53B35B00A712F1 /* Model */ = {
			isa = PBXGroup;
			children = (
			);
			path = Model;
			sourceTree = "<group>";
		};
		A28BFEFE1B53B35B00A712F1 /* View */ = {
			isa = PBXGroup;
			children = (
				A28BFF191B53F9D700A712F1 /* ranking.storyboard */,
			);
			path = View;
			sourceTree = "<group>";
		};
		A28BFEFF1B53B35B00A712F1 /* Route */ = {
			isa = PBXGroup;
			children = (
				A28BFF001B53B35B00A712F1 /* Controller */,
				A28BFF011B53B35B00A712F1 /* Model */,
				A28BFF021B53B35B00A712F1 /* View */,
			);
			path = Route;
			sourceTree = "<group>";
		};
		A28BFF001B53B35B00A712F1 /* Controller */ = {
			isa = PBXGroup;
			children = (
			);
			path = Controller;
			sourceTree = "<group>";
		};
		A28BFF011B53B35B00A712F1 /* Model */ = {
			isa = PBXGroup;
			children = (
			);
			path = Model;
			sourceTree = "<group>";
		};
		A28BFF021B53B35B00A712F1 /* View */ = {
			isa = PBXGroup;
			children = (
				A28BFF1B1B53F9E900A712F1 /* route.storyboard */,
			);
			path = View;
			sourceTree = "<group>";
		};
		A28BFF031B53B35B00A712F1 /* Setting */ = {
			isa = PBXGroup;
			children = (
				A28BFF041B53B35B00A712F1 /* Controller */,
				A28BFF051B53B35B00A712F1 /* Model */,
				A28BFF061B53B35B00A712F1 /* View */,
			);
			path = Setting;
			sourceTree = "<group>";
		};
		A28BFF041B53B35B00A712F1 /* Controller */ = {
			isa = PBXGroup;
			children = (
				A261B0391B5780E7006C8917 /* About */,
				A261B03A1B5780E7006C8917 /* Clean */,
				A261B03B1B5780E7006C8917 /* OffMaps */,
				A261B03C1B5780E7006C8917 /* Praise */,
				A261B03D1B5780E7006C8917 /* ProfileInfo */,
				A261B03E1B5780E7006C8917 /* Push */,
				A261B03F1B5780E7006C8917 /* UploadLog */,
				A2F040E91B563A51004FBF3D /* ACBaseTableViewController.h */,
				A2F040EA1B563A51004FBF3D /* ACBaseTableViewController.m */,
				A261B0401B57810A006C8917 /* ACSettingViewController.h */,
				A261B0411B57810A006C8917 /* ACSettingViewController.m */,
			);
			path = Controller;
			sourceTree = "<group>";
		};
		A28BFF051B53B35B00A712F1 /* Model */ = {
			isa = PBXGroup;
			children = (
				A2F875101B5676630075F323 /* ACSettingCellModel.h */,
				A2F875111B5676630075F323 /* ACSettingCellModel.m */,
				A261AFFE1B5762D1006C8917 /* ACSettingGroupModel.h */,
				A261AFFF1B5762D1006C8917 /* ACSettingGroupModel.m */,
				A261B0431B579D82006C8917 /* ACArrowSettingCellModel.h */,
				A261B0441B579D82006C8917 /* ACArrowSettingCellModel.m */,
				A261B0461B57A3BF006C8917 /* ACBlankSettingCellModel.h */,
				A261B0471B57A3BF006C8917 /* ACBlankSettingCellModel.m */,
			);
			path = Model;
			sourceTree = "<group>";
		};
		A28BFF061B53B35B00A712F1 /* View */ = {
			isa = PBXGroup;
			children = (
				A28BFF1D1B53F9FD00A712F1 /* setting.storyboard */,
				A261B0011B577058006C8917 /* ACSettingViewCell.h */,
				A261B0021B577058006C8917 /* ACSettingViewCell.m */,
				A261B0491B57AA87006C8917 /* ACLogoutSettingViewCell.h */,
				A261B04A1B57AA87006C8917 /* ACLogoutSettingViewCell.m */,
				A261B04C1B57AC56006C8917 /* ACLogoutSettingViewCell.xib */,
			);
			path = View;
			sourceTree = "<group>";
		};
		A28BFF071B53B35B00A712F1 /* Tool */ = {
			isa = PBXGroup;
			children = (
				A266D9E91B5D09DE00D4B326 /* CacheDataTool */,
				A266D9E11B5CFA0B00D4B326 /* HttpTool */,
				A266D9B11B5CA13900D4B326 /* ShowAlert */,
				A204B1631B5B8210004C0A6C /* DataBaseTool */,
			);
			path = Tool;
			sourceTree = "<group>";
		};
		A2D1ECF31B550E3A00344246 /* View */ = {
			isa = PBXGroup;
			children = (
				A204B1581B5B506B004C0A6C /* HCKeyboard */,
				A2D483B71B5525B200BC8406 /* HCTabBar5ContentView.h */,
				A2D483B81B5525B200BC8406 /* HCTabBar5ContentView.m */,
			);
			path = View;
			sourceTree = "<group>";
		};
		A2D483B31B5516CD00BC8406 /* Category */ = {
			isa = PBXGroup;
			children = (
				A266D9841B5C7D5900D4B326 /* NSDate+Extension.h */,
				A266D9851B5C7D5900D4B326 /* NSDate+Extension.m */,
				A204B0921B5B30F7004C0A6C /* NSString+Extension.h */,
				A204B0931B5B30F7004C0A6C /* NSString+Extension.m */,
				A2D483B41B5516E300BC8406 /* UIColor+Tools.h */,
				A2D483B51B5516E300BC8406 /* UIColor+Tools.m */,
			);
			path = Category;
			sourceTree = "<group>";
		};
/* End PBXGroup section */

/* Begin PBXNativeTarget section */
		A28BFEB51B53A2CC00A712F1 /* A-cyclist */ = {
			isa = PBXNativeTarget;
			buildConfigurationList = A28BFED91B53A2CD00A712F1 /* Build configuration list for PBXNativeTarget "A-cyclist" */;
			buildPhases = (
				A28BFEB21B53A2CC00A712F1 /* Sources */,
				A28BFEB31B53A2CC00A712F1 /* Frameworks */,
				A28BFEB41B53A2CC00A712F1 /* Resources */,
			);
			buildRules = (
			);
			dependencies = (
			);
			name = "A-cyclist";
			productName = "A-cyclist";
			productReference = A28BFEB61B53A2CC00A712F1 /* A-cyclist.app */;
			productType = "com.apple.product-type.application";
		};
		A28BFECE1B53A2CD00A712F1 /* A-cyclistTests */ = {
			isa = PBXNativeTarget;
			buildConfigurationList = A28BFEDC1B53A2CD00A712F1 /* Build configuration list for PBXNativeTarget "A-cyclistTests" */;
			buildPhases = (
				A28BFECB1B53A2CD00A712F1 /* Sources */,
				A28BFECC1B53A2CD00A712F1 /* Frameworks */,
				A28BFECD1B53A2CD00A712F1 /* Resources */,
			);
			buildRules = (
			);
			dependencies = (
				A28BFED11B53A2CD00A712F1 /* PBXTargetDependency */,
			);
			name = "A-cyclistTests";
			productName = "A-cyclistTests";
			productReference = A28BFECF1B53A2CD00A712F1 /* A-cyclistTests.xctest */;
			productType = "com.apple.product-type.bundle.unit-test";
		};
/* End PBXNativeTarget section */

/* Begin PBXProject section */
		A28BFEAE1B53A2CC00A712F1 /* Project object */ = {
			isa = PBXProject;
			attributes = {
				CLASSPREFIX = AC;
				LastUpgradeCheck = 0640;
				ORGANIZATIONNAME = tunny;
				TargetAttributes = {
					A28BFEB51B53A2CC00A712F1 = {
						CreatedOnToolsVersion = 6.4;
					};
					A28BFECE1B53A2CD00A712F1 = {
						CreatedOnToolsVersion = 6.4;
						TestTargetID = A28BFEB51B53A2CC00A712F1;
					};
				};
			};
			buildConfigurationList = A28BFEB11B53A2CC00A712F1 /* Build configuration list for PBXProject "A-cyclist" */;
			compatibilityVersion = "Xcode 3.2";
			developmentRegion = English;
			hasScannedForEncodings = 0;
			knownRegions = (
				en,
				Base,
			);
			mainGroup = A28BFEAD1B53A2CC00A712F1;
			productRefGroup = A28BFEB71B53A2CC00A712F1 /* Products */;
			projectDirPath = "";
			projectRoot = "";
			targets = (
				A28BFEB51B53A2CC00A712F1 /* A-cyclist */,
				A28BFECE1B53A2CD00A712F1 /* A-cyclistTests */,
			);
		};
/* End PBXProject section */

/* Begin PBXResourcesBuildPhase section */
		A28BFEB41B53A2CC00A712F1 /* Resources */ = {
			isa = PBXResourcesBuildPhase;
			buildActionMask = 2147483647;
			files = (
				A28BFECA1B53A2CC00A712F1 /* LaunchScreen.xib in Resources */,
				A28BFF161B53F98200A712F1 /* cycling.storyboard in Resources */,
				A28BFF1C1B53F9E900A712F1 /* route.storyboard in Resources */,
				A261B04D1B57AC56006C8917 /* ACLogoutSettingViewCell.xib in Resources */,
				A204B1611B5B506B004C0A6C /* HCKeyboardTool.xib in Resources */,
				A218F7051B5A3FB2007CBADA /* ACLogin.storyboard in Resources */,
				A28BFF181B53F9AD00A712F1 /* profile.storyboard in Resources */,
				A28BFF1E1B53F9FD00A712F1 /* setting.storyboard in Resources */,
				A2845EB51B5AB825006E0CE0 /* MBProgressHUD.bundle in Resources */,
				A28BFEC71B53A2CC00A712F1 /* Images.xcassets in Resources */,
				A28BFF1A1B53F9D700A712F1 /* ranking.storyboard in Resources */,
				A266D9AF1B5C9FE600D4B326 /* WeiboSDK.bundle in Resources */,
			);
			runOnlyForDeploymentPostprocessing = 0;
		};
		A28BFECD1B53A2CD00A712F1 /* Resources */ = {
			isa = PBXResourcesBuildPhase;
			buildActionMask = 2147483647;
			files = (
			);
			runOnlyForDeploymentPostprocessing = 0;
		};
/* End PBXResourcesBuildPhase section */

/* Begin PBXSourcesBuildPhase section */
		A28BFEB21B53A2CC00A712F1 /* Sources */ = {
			isa = PBXSourcesBuildPhase;
			buildActionMask = 2147483647;
			files = (
				A204B1661B5B8232004C0A6C /* ACDataBaseTool.m in Sources */,
				A28BFF091B53B35B00A712F1 /* AppDelegate.m in Sources */,
				A261B0031B577058006C8917 /* ACSettingViewCell.m in Sources */,
				A266D9DE1B5CF9CD00D4B326 /* AFURLRequestSerialization.m in Sources */,
				A261B0451B579D82006C8917 /* ACArrowSettingCellModel.m in Sources */,
				A266D99C1B5C881700D4B326 /* MJType.m in Sources */,
				A266D9991B5C881700D4B326 /* MJConst.m in Sources */,
				A261B0421B57810A006C8917 /* ACSettingViewController.m in Sources */,
				A266D9C31B5CF8F900D4B326 /* ACSettingProfileInfoViewController.m in Sources */,
				A2F040EB1B563A51004FBF3D /* ACBaseTableViewController.m in Sources */,
				A266D9A01B5C881700D4B326 /* NSString+MJExtension.m in Sources */,
				A266D9FB1B5D11D200D4B326 /* FMDatabasePool.m in Sources */,
				A266D99A1B5C881700D4B326 /* MJFoundation.m in Sources */,
				A261B04B1B57AA87006C8917 /* ACLogoutSettingViewCell.m in Sources */,
				A204B0941B5B30F7004C0A6C /* NSString+Extension.m in Sources */,
				A204B15F1B5B506B004C0A6C /* HCBaseKeyboardViewController.m in Sources */,
				A2F875121B5676630075F323 /* ACSettingCellModel.m in Sources */,
				A2D483B91B5525B200BC8406 /* HCTabBar5ContentView.m in Sources */,
				A266D9B41B5CA14F00D4B326 /* ACShowAlertTool.m in Sources */,
				A266D9EC1B5D0A0400D4B326 /* ACCacheDataTool.m in Sources */,
				A266D99F1B5C881700D4B326 /* NSObject+MJProperty.m in Sources */,
				A204B16A1B5BE144004C0A6C /* ACUserModel.m in Sources */,
				A2845EB41B5AB825006E0CE0 /* MBProgressHUD+MJ.m in Sources */,
				A204B1601B5B506B004C0A6C /* HCKeyboardTool.m in Sources */,
				A266D9FA1B5D11D200D4B326 /* FMDatabaseAdditions.m in Sources */,
				A218F7031B5A3F33007CBADA /* ACLoginViewController.m in Sources */,
				A266D9DC1B5CF9CD00D4B326 /* AFSecurityPolicy.m in Sources */,
				A266D9E01B5CF9CD00D4B326 /* AFURLSessionManager.m in Sources */,
				A266D9E81B5CFA0B00D4B326 /* HCFileParamsModel.m in Sources */,
				A266D9F91B5D11D200D4B326 /* FMDatabase.m in Sources */,
				A266D9FD1B5D11D200D4B326 /* FMResultSet.m in Sources */,
				A261B0001B5762D1006C8917 /* ACSettingGroupModel.m in Sources */,
				A266D9DD1B5CF9CD00D4B326 /* AFURLConnectionOperation.m in Sources */,
				A2D483AC1B5515B700BC8406 /* ACTabBarController.m in Sources */,
				A266D9E71B5CFA0B00D4B326 /* HCHttpTool.m in Sources */,
				A266D9DB1B5CF9CD00D4B326 /* AFNetworkReachabilityManager.m in Sources */,
				A266D9FC1B5D11D200D4B326 /* FMDatabaseQueue.m in Sources */,
				A28BFF141B53BECC00A712F1 /* ACGlobal.m in Sources */,
				A2845EB61B5AB825006E0CE0 /* MBProgressHUD.m in Sources */,
				A266D9D91B5CF9CD00D4B326 /* AFHTTPRequestOperationManager.m in Sources */,
				A266D99D1B5C881700D4B326 /* NSObject+MJCoding.m in Sources */,
				A266D9D81B5CF9CD00D4B326 /* AFHTTPRequestOperation.m in Sources */,
				A28BFF0A1B53B35B00A712F1 /* main.m in Sources */,
				A266D99B1B5C881700D4B326 /* MJProperty.m in Sources */,
				A266D9861B5C7D5900D4B326 /* NSDate+Extension.m in Sources */,
				A2845E931B5A9FBE006E0CE0 /* ACRegisterViewController.m in Sources */,
				A2D483B61B5516E300BC8406 /* UIColor+Tools.m in Sources */,
				A266D99E1B5C881700D4B326 /* NSObject+MJKeyValue.m in Sources */,
				A266D9DA1B5CF9CD00D4B326 /* AFHTTPSessionManager.m in Sources */,
				A266D9DF1B5CF9CD00D4B326 /* AFURLResponseSerialization.m in Sources */,
				A261B0481B57A3BF006C8917 /* ACBlankSettingCellModel.m in Sources */,
			);
			runOnlyForDeploymentPostprocessing = 0;
		};
		A28BFECB1B53A2CD00A712F1 /* Sources */ = {
			isa = PBXSourcesBuildPhase;
			buildActionMask = 2147483647;
			files = (
				A28BFED61B53A2CD00A712F1 /* A_cyclistTests.m in Sources */,
			);
			runOnlyForDeploymentPostprocessing = 0;
		};
/* End PBXSourcesBuildPhase section */

/* Begin PBXTargetDependency section */
		A28BFED11B53A2CD00A712F1 /* PBXTargetDependency */ = {
			isa = PBXTargetDependency;
			target = A28BFEB51B53A2CC00A712F1 /* A-cyclist */;
			targetProxy = A28BFED01B53A2CD00A712F1 /* PBXContainerItemProxy */;
		};
/* End PBXTargetDependency section */

/* Begin PBXVariantGroup section */
		A28BFEC81B53A2CC00A712F1 /* LaunchScreen.xib */ = {
			isa = PBXVariantGroup;
			children = (
				A28BFEC91B53A2CC00A712F1 /* Base */,
			);
			name = LaunchScreen.xib;
			sourceTree = "<group>";
		};
/* End PBXVariantGroup section */

/* Begin XCBuildConfiguration section */
		A28BFED71B53A2CD00A712F1 /* Debug */ = {
			isa = XCBuildConfiguration;
			buildSettings = {
				ALWAYS_SEARCH_USER_PATHS = NO;
				CLANG_CXX_LANGUAGE_STANDARD = "gnu++0x";
				CLANG_CXX_LIBRARY = "libc++";
				CLANG_ENABLE_MODULES = YES;
				CLANG_ENABLE_OBJC_ARC = YES;
				CLANG_WARN_BOOL_CONVERSION = YES;
				CLANG_WARN_CONSTANT_CONVERSION = YES;
				CLANG_WARN_DIRECT_OBJC_ISA_USAGE = YES_ERROR;
				CLANG_WARN_EMPTY_BODY = YES;
				CLANG_WARN_ENUM_CONVERSION = YES;
				CLANG_WARN_INT_CONVERSION = YES;
				CLANG_WARN_OBJC_ROOT_CLASS = YES_ERROR;
				CLANG_WARN_UNREACHABLE_CODE = YES;
				CLANG_WARN__DUPLICATE_METHOD_MATCH = YES;
				"CODE_SIGN_IDENTITY[sdk=iphoneos*]" = "iPhone Developer";
				COPY_PHASE_STRIP = NO;
				DEBUG_INFORMATION_FORMAT = "dwarf-with-dsym";
				ENABLE_STRICT_OBJC_MSGSEND = YES;
				GCC_C_LANGUAGE_STANDARD = gnu99;
				GCC_DYNAMIC_NO_PIC = NO;
				GCC_NO_COMMON_BLOCKS = YES;
				GCC_OPTIMIZATION_LEVEL = 0;
				GCC_PREPROCESSOR_DEFINITIONS = (
					"DEBUG=1",
					"$(inherited)",
				);
				GCC_SYMBOLS_PRIVATE_EXTERN = NO;
				GCC_WARN_64_TO_32_BIT_CONVERSION = YES;
				GCC_WARN_ABOUT_RETURN_TYPE = YES_ERROR;
				GCC_WARN_UNDECLARED_SELECTOR = YES;
				GCC_WARN_UNINITIALIZED_AUTOS = YES_AGGRESSIVE;
				GCC_WARN_UNUSED_FUNCTION = YES;
				GCC_WARN_UNUSED_VARIABLE = YES;
				IPHONEOS_DEPLOYMENT_TARGET = 8.4;
				MTL_ENABLE_DEBUG_INFO = YES;
				ONLY_ACTIVE_ARCH = YES;
				SDKROOT = iphoneos;
			};
			name = Debug;
		};
		A28BFED81B53A2CD00A712F1 /* Release */ = {
			isa = XCBuildConfiguration;
			buildSettings = {
				ALWAYS_SEARCH_USER_PATHS = NO;
				CLANG_CXX_LANGUAGE_STANDARD = "gnu++0x";
				CLANG_CXX_LIBRARY = "libc++";
				CLANG_ENABLE_MODULES = YES;
				CLANG_ENABLE_OBJC_ARC = YES;
				CLANG_WARN_BOOL_CONVERSION = YES;
				CLANG_WARN_CONSTANT_CONVERSION = YES;
				CLANG_WARN_DIRECT_OBJC_ISA_USAGE = YES_ERROR;
				CLANG_WARN_EMPTY_BODY = YES;
				CLANG_WARN_ENUM_CONVERSION = YES;
				CLANG_WARN_INT_CONVERSION = YES;
				CLANG_WARN_OBJC_ROOT_CLASS = YES_ERROR;
				CLANG_WARN_UNREACHABLE_CODE = YES;
				CLANG_WARN__DUPLICATE_METHOD_MATCH = YES;
				"CODE_SIGN_IDENTITY[sdk=iphoneos*]" = "iPhone Developer";
				COPY_PHASE_STRIP = NO;
				DEBUG_INFORMATION_FORMAT = "dwarf-with-dsym";
				ENABLE_NS_ASSERTIONS = NO;
				ENABLE_STRICT_OBJC_MSGSEND = YES;
				GCC_C_LANGUAGE_STANDARD = gnu99;
				GCC_NO_COMMON_BLOCKS = YES;
				GCC_WARN_64_TO_32_BIT_CONVERSION = YES;
				GCC_WARN_ABOUT_RETURN_TYPE = YES_ERROR;
				GCC_WARN_UNDECLARED_SELECTOR = YES;
				GCC_WARN_UNINITIALIZED_AUTOS = YES_AGGRESSIVE;
				GCC_WARN_UNUSED_FUNCTION = YES;
				GCC_WARN_UNUSED_VARIABLE = YES;
				IPHONEOS_DEPLOYMENT_TARGET = 8.4;
				MTL_ENABLE_DEBUG_INFO = NO;
				SDKROOT = iphoneos;
				VALIDATE_PRODUCT = YES;
			};
			name = Release;
		};
		A28BFEDA1B53A2CD00A712F1 /* Debug */ = {
			isa = XCBuildConfiguration;
			buildSettings = {
				ASSETCATALOG_COMPILER_APPICON_NAME = AppIcon;
				FRAMEWORK_SEARCH_PATHS = (
					"$(inherited)",
					"$(PROJECT_DIR)/A-cyclist/Class/Lib",
				);
				INFOPLIST_FILE = "A-cyclist/Info.plist";
				LD_RUNPATH_SEARCH_PATHS = "$(inherited) @executable_path/Frameworks";
				LIBRARY_SEARCH_PATHS = (
					"$(inherited)",
					"$(PROJECT_DIR)/A-cyclist/Class/Lib/libWeiboSDK",
				);
				OTHER_LDFLAGS = "-ObjC";
				PRODUCT_NAME = "$(TARGET_NAME)";
			};
			name = Debug;
		};
		A28BFEDB1B53A2CD00A712F1 /* Release */ = {
			isa = XCBuildConfiguration;
			buildSettings = {
				ASSETCATALOG_COMPILER_APPICON_NAME = AppIcon;
				FRAMEWORK_SEARCH_PATHS = (
					"$(inherited)",
					"$(PROJECT_DIR)/A-cyclist/Class/Lib",
				);
				INFOPLIST_FILE = "A-cyclist/Info.plist";
				LD_RUNPATH_SEARCH_PATHS = "$(inherited) @executable_path/Frameworks";
				LIBRARY_SEARCH_PATHS = (
					"$(inherited)",
					"$(PROJECT_DIR)/A-cyclist/Class/Lib/libWeiboSDK",
				);
				OTHER_LDFLAGS = "-ObjC";
				PRODUCT_NAME = "$(TARGET_NAME)";
			};
			name = Release;
		};
		A28BFEDD1B53A2CD00A712F1 /* Debug */ = {
			isa = XCBuildConfiguration;
			buildSettings = {
				BUNDLE_LOADER = "$(TEST_HOST)";
				FRAMEWORK_SEARCH_PATHS = (
					"$(SDKROOT)/Developer/Library/Frameworks",
					"$(inherited)",
				);
				GCC_PREPROCESSOR_DEFINITIONS = (
					"DEBUG=1",
					"$(inherited)",
				);
				INFOPLIST_FILE = "A-cyclistTests/Info.plist";
				LD_RUNPATH_SEARCH_PATHS = "$(inherited) @executable_path/Frameworks @loader_path/Frameworks";
				PRODUCT_NAME = "$(TARGET_NAME)";
				TEST_HOST = "$(BUILT_PRODUCTS_DIR)/A-cyclist.app/A-cyclist";
			};
			name = Debug;
		};
		A28BFEDE1B53A2CD00A712F1 /* Release */ = {
			isa = XCBuildConfiguration;
			buildSettings = {
				BUNDLE_LOADER = "$(TEST_HOST)";
				FRAMEWORK_SEARCH_PATHS = (
					"$(SDKROOT)/Developer/Library/Frameworks",
					"$(inherited)",
				);
				INFOPLIST_FILE = "A-cyclistTests/Info.plist";
				LD_RUNPATH_SEARCH_PATHS = "$(inherited) @executable_path/Frameworks @loader_path/Frameworks";
				PRODUCT_NAME = "$(TARGET_NAME)";
				TEST_HOST = "$(BUILT_PRODUCTS_DIR)/A-cyclist.app/A-cyclist";
			};
			name = Release;
		};
/* End XCBuildConfiguration section */

/* Begin XCConfigurationList section */
		A28BFEB11B53A2CC00A712F1 /* Build configuration list for PBXProject "A-cyclist" */ = {
			isa = XCConfigurationList;
			buildConfigurations = (
				A28BFED71B53A2CD00A712F1 /* Debug */,
				A28BFED81B53A2CD00A712F1 /* Release */,
			);
			defaultConfigurationIsVisible = 0;
			defaultConfigurationName = Release;
		};
		A28BFED91B53A2CD00A712F1 /* Build configuration list for PBXNativeTarget "A-cyclist" */ = {
			isa = XCConfigurationList;
			buildConfigurations = (
				A28BFEDA1B53A2CD00A712F1 /* Debug */,
				A28BFEDB1B53A2CD00A712F1 /* Release */,
			);
			defaultConfigurationIsVisible = 0;
			defaultConfigurationName = Release;
		};
		A28BFEDC1B53A2CD00A712F1 /* Build configuration list for PBXNativeTarget "A-cyclistTests" */ = {
			isa = XCConfigurationList;
			buildConfigurations = (
				A28BFEDD1B53A2CD00A712F1 /* Debug */,
				A28BFEDE1B53A2CD00A712F1 /* Release */,
			);
			defaultConfigurationIsVisible = 0;
			defaultConfigurationName = Release;
		};
/* End XCConfigurationList section */
	};
	rootObject = A28BFEAE1B53A2CC00A712F1 /* Project object */;
}
